
Microsoft Visual Studio Solution File, Format Version 12.00
# Visual Studio Version 17
VisualStudioVersion = 17.13.36105.23 d17.13
MinimumVisualStudioVersion = 10.0.40219.1
Project("{FAE04EC0-301F-11D3-BF4B-00C04F79EFBC}") = "Core_lesson", "Core_lesson\Core_lesson.csproj", "{6B261519-8009-4629-A95A-83B6E1D7DE66}"
EndProject
Global
	GlobalSection(SolutionConfigurationPlatforms) = preSolution
		Debug|Any CPU = Debug|Any CPU
		Release|Any CPU = Release|Any CPU
	EndGlobalSection
	GlobalSection(ProjectConfigurationPlatforms) = postSolution
		{6B261519-8009-4629-A95A-83B6E1D7DE66}.Debug|Any CPU.ActiveCfg = Debug|Any CPU
		{6B261519-8009-4629-A95A-83B6E1D7DE66}.Debug|Any CPU.Build.0 = Debug|Any CPU
		{6B261519-8009-4629-A95A-83B6E1D7DE66}.Release|Any CPU.ActiveCfg = Release|Any CPU
		{6B261519-8009-4629-A95A-83B6E1D7DE66}.Release|Any CPU.Build.0 = Release|Any CPU
	EndGlobalSection
	GlobalSection(SolutionProperties) = preSolution
		HideSolutionNode = FALSE
	EndGlobalSection
	GlobalSection(ExtensibilityGlobals) = postSolution
		SolutionGuid = {1072505B-F7EA-40CB-853C-037DAEE965B9}
	EndGlobalSection
EndGlobal
