
Microsoft Visual Studio Solution File, Format Version 12.00
# Visual Studio Version 17
VisualStudioVersion = 17.13.36105.23
MinimumVisualStudioVersion = 10.0.40219.1
Project("{FAE04EC0-301F-11D3-BF4B-00C04F79EFBC}") = "Lesson", "Lesson_5\Lesson.csproj", "{317C4506-8EED-4886-9558-2B6D6E0C1346}"
EndProject
Project("{FAE04EC0-301F-11D3-BF4B-00C04F79EFBC}") = "FunWithMethodOverloading", "FunWithMethodOverloading\FunWithMethodOverloading.csproj", "{81215CA3-0F4C-4FDB-84D5-49CCA8DCA3A4}"
EndProject
Project("{FAE04EC0-301F-11D3-BF4B-00C04F79EFBC}") = "FunWithBitwiseOperations", "FunWithBitwiseOperations\FunWithBitwiseOperations.csproj", "{BE53EC7F-9CB8-43E3-8B43-75CE1545B368}"
EndProject
Project("{FAE04EC0-301F-11D3-BF4B-00C04F79EFBC}") = "FunWithStructures", "FunWithStructures\FunWithStructures.csproj", "{A419342D-1B38-4C3B-8BEE-4CF3A995BBB8}"
EndProject
Project("{FAE04EC0-301F-11D3-BF4B-00C04F79EFBC}") = "FunWithTuples", "FunWithTuples\FunWithTuples.csproj", "{90AA146B-E5A0-4F21-A03A-EF834F0E5D25}"
EndProject
Project("{FAE04EC0-301F-11D3-BF4B-00C04F79EFBC}") = "SpokeLessons", "SpokeLessons\SpokeLessons.csproj", "{57B4A555-9DF7-4D2D-91F9-AC2C52B3E4BB}"
EndProject
Project("{FAE04EC0-301F-11D3-BF4B-00C04F79EFBC}") = "InterfaceAsType", "InterfaceAsType\InterfaceAsType.csproj", "{B3944C75-B81D-4781-916E-8599DF79FCD8}"
EndProject
Project("{FAE04EC0-301F-11D3-BF4B-00C04F79EFBC}") = "SimpleClassExample", "SimpleClassExemple\SimpleClassExample.csproj", "{56770C01-2DD3-4C8F-B8AA-8AC504E50666}"
EndProject
Project("{FAE04EC0-301F-11D3-BF4B-00C04F79EFBC}") = "StaticDateAndMembers", "StaticDateAndMembers\StaticDateAndMembers.csproj", "{F80E1E16-87B5-40C1-A1AD-0AA21654FBBA}"
EndProject
Project("{FAE04EC0-301F-11D3-BF4B-00C04F79EFBC}") = "EmployeeApp", "EmployeeApp\EmployeeApp.csproj", "{74F360C7-76AD-4A0C-9F11-B5BCBAD7F65F}"
EndProject
Project("{FAE04EC0-301F-11D3-BF4B-00C04F79EFBC}") = "AutoProps", "AutoProps\AutoProps.csproj", "{AD636F3A-D281-4C84-9B7B-FF05BE9FED25}"
EndProject
Project("{FAE04EC0-301F-11D3-BF4B-00C04F79EFBC}") = "ObjectInitializers", "ObjectInitializers\ObjectInitializers.csproj", "{5DBD23A2-533D-4D32-AF90-21780617F2AB}"
EndProject
Project("{FAE04EC0-301F-11D3-BF4B-00C04F79EFBC}") = "ConstData", "ConstData\ConstData.csproj", "{85EB2E26-23A4-4C63-AD1F-ACAB9EB9556E}"
EndProject
Project("{FAE04EC0-301F-11D3-BF4B-00C04F79EFBC}") = "FunWithRecords", "FunWithRecords\FunWithRecords.csproj", "{D3C711CE-792D-4E67-9616-EA7020B439C7}"
EndProject
Project("{FAE04EC0-301F-11D3-BF4B-00C04F79EFBC}") = "BasicInheritance", "BasicInheritance\BasicInheritance.csproj", "{CD68A3D1-DC47-49C4-B1B5-092F4E504C07}"
EndProject
Project("{FAE04EC0-301F-11D3-BF4B-00C04F79EFBC}") = "SimpleGC", "SimpleGC\SimpleGC.csproj", "{5E725BCB-ACF5-4515-A02E-5C9706CA6330}"
EndProject
Project("{FAE04EC0-301F-11D3-BF4B-00C04F79EFBC}") = "Employees", "Employees\Employees.csproj", "{07FAEA92-53C8-4786-BE41-B8E9990AEE1E}"
EndProject
Project("{FAE04EC0-301F-11D3-BF4B-00C04F79EFBC}") = "RecordInheritance", "RecordInheritance\RecordInheritance.csproj", "{7E195211-5858-4084-A7E8-3B7060529F91}"
EndProject
Project("{FAE04EC0-301F-11D3-BF4B-00C04F79EFBC}") = "Figure", "Shape\Figure.csproj", "{90C002C9-CC6C-4488-A857-F6283E66DE75}"
EndProject
Project("{FAE04EC0-301F-11D3-BF4B-00C04F79EFBC}") = "ObjectOverrides", "ObjectOverrides\ObjectOverrides.csproj", "{E83C2B16-F914-4A30-9633-426650CB83BA}"
EndProject
Project("{FAE04EC0-301F-11D3-BF4B-00C04F79EFBC}") = "SimpleException", "SimpleException\SimpleException.csproj", "{29C29139-C221-41B2-8808-6A67093D98D1}"
EndProject
Project("{FAE04EC0-301F-11D3-BF4B-00C04F79EFBC}") = "CustomException", "CustomException\CustomException.csproj", "{FBDA26C7-4983-4B7E-9250-6A8F1DE43956}"
EndProject
Project("{FAE04EC0-301F-11D3-BF4B-00C04F79EFBC}") = "ProcessMultipleException", "ProcessMultipleException\ProcessMultipleException.csproj", "{13A3F42B-A03F-43E0-9DB8-4DE66BA3B99E}"
EndProject
Project("{FAE04EC0-301F-11D3-BF4B-00C04F79EFBC}") = "CustomInterface", "CustomInterface\CustomInterface.csproj", "{C06A5B94-26A2-468D-8AFD-F7DF0C5727AB}"
EndProject
Project("{FAE04EC0-301F-11D3-BF4B-00C04F79EFBC}") = "InterfaceNameClash", "InterfaceNameClash\InterfaceNameClash.csproj", "{B455A9EA-AD01-418B-9AB8-ED9FA3E0A9F9}"
EndProject
Project("{FAE04EC0-301F-11D3-BF4B-00C04F79EFBC}") = "InterfaceHierarchy", "InterfaceHierarchy\InterfaceHierarchy.csproj", "{1D3DB366-5E32-4E99-A8BC-57A9CD6FF1BA}"
EndProject
Project("{FAE04EC0-301F-11D3-BF4B-00C04F79EFBC}") = "MiInterfaceHierarchy", "MiInterfaceHierarchy\MiInterfaceHierarchy.csproj", "{A04EDCF5-4BA9-4D07-B9BE-FA5E8B4AD8CD}"
EndProject
Project("{FAE04EC0-301F-11D3-BF4B-00C04F79EFBC}") = "CustomEnumerator", "CustomEnumerator\CustomEnumerator.csproj", "{42DFC71D-0F27-42E6-9063-ED6FA73D0713}"
EndProject
Project("{FAE04EC0-301F-11D3-BF4B-00C04F79EFBC}") = "CustomEnumeratorWithYield", "CustomEnumeratorWithYield\CustomEnumeratorWithYield.csproj", "{2D3056D9-60C1-4164-A3BB-36296A7A1A0D}"
EndProject
Project("{FAE04EC0-301F-11D3-BF4B-00C04F79EFBC}") = "CloneablePoint", "CloneablePoint\CloneablePoint.csproj", "{BC78FD18-6C78-4360-998D-5CC8FC8B14FB}"
EndProject
Project("{FAE04EC0-301F-11D3-BF4B-00C04F79EFBC}") = "ComparableCar", "ComparableCar\ComparableCar.csproj", "{382B85A1-1047-4CB8-AFA9-6DDD51AD76DA}"
EndProject
Project("{FAE04EC0-301F-11D3-BF4B-00C04F79EFBC}") = "SimpleDispose", "SimpleDispose\SimpleDispose.csproj", "{9B9595F6-317C-4A4E-BC5F-27C855687BBB}"
EndProject
Project("{FAE04EC0-301F-11D3-BF4B-00C04F79EFBC}") = "FinalizableDisposableClass", "FinalizableDisposableClass\FinalizableDisposableClass.csproj", "{A57CF3B3-CA6B-4B41-8037-C8539CAC0AF3}"
EndProject
Project("{FAE04EC0-301F-11D3-BF4B-00C04F79EFBC}") = "ProjectFromRider", "ProjectFromRider\ProjectFromRider.csproj", "{6FECE365-183E-4096-AEC4-F3D07D4A235E}"
EndProject
Project("{FAE04EC0-301F-11D3-BF4B-00C04F79EFBC}") = "FunWithCollectionInitialization", "FunWithCollectionInitialization\FunWithCollectionInitialization.csproj", "{A8DF959E-3DFC-4889-B262-5F16867DACF0}"
EndProject
Project("{FAE04EC0-301F-11D3-BF4B-00C04F79EFBC}") = "FunWithGenericCollections", "FunWithGenericCollections\FunWithGenericCollections.csproj", "{33E2849B-5A86-4B7B-862B-D6933E7EEF8A}"
EndProject
Project("{FAE04EC0-301F-11D3-BF4B-00C04F79EFBC}") = "CustomGenericMethods1", "CustomGenericMethods1\CustomGenericMethods1.csproj", "{7B2E3870-DA0B-47F5-BAB0-B3A06F801782}"
EndProject
Project("{FAE04EC0-301F-11D3-BF4B-00C04F79EFBC}") = "Home_Work1", "Home_Work1\Home_Work1.csproj", "{5902C772-E515-4C6D-B079-F9630A613E78}"
EndProject
Project("{FAE04EC0-301F-11D3-BF4B-00C04F79EFBC}") = "UsePersonCollection1", "UsePersonCollection1\UsePersonCollection1.csproj", "{8FAC6C1F-B715-4E6F-A85D-29E0B5168D6B}"
EndProject
Project("{FAE04EC0-301F-11D3-BF4B-00C04F79EFBC}") = "LazyObjectInstantiation1", "LazyObjectInstantiation1\LazyObjectInstantiation1.csproj", "{1912273E-F0C8-4733-9F84-B820732BDBCE}"
EndProject
Project("{FAE04EC0-301F-11D3-BF4B-00C04F79EFBC}") = "Lesson_2.1", "Lesson_2.1\Lesson_2.1.csproj", "{BFBCE0C3-B7E2-4525-8672-FE94F26BFFDA}"
EndProject
Project("{FAE04EC0-301F-11D3-BF4B-00C04F79EFBC}") = "Lesson_3.1", "Lesson_3.1\Lesson_3.1.csproj", "{745B6FE9-886C-4089-A49A-5DEAAC12C985}"
EndProject
Project("{FAE04EC0-301F-11D3-BF4B-00C04F79EFBC}") = "GenericPoint", "GenericPoint\GenericPoint.csproj", "{73943B1B-BED6-47A1-AC03-40F813A4D447}"
EndProject
Project("{FAE04EC0-301F-11D3-BF4B-00C04F79EFBC}") = "IssuesWithNonGenericCollections", "IssuesWithNonGenericCollections\IssuesWithNonGenericCollections.csproj", "{A604EDCB-9250-45C0-B310-FA20890D55E0}"
EndProject
Project("{FAE04EC0-301F-11D3-BF4B-00C04F79EFBC}") = "SimpleIndexer", "SimpleIndexer\SimpleIndexer.csproj", "{F1FB47EB-DF6C-4CB8-B759-78EC4C2E9E42}"
EndProject
Project("{FAE04EC0-301F-11D3-BF4B-00C04F79EFBC}") = "OverloadedOps", "OverloadedOps\OverloadedOps.csproj", "{4EDB4C2F-4CA1-4B2E-8319-D044B47E6C5A}"
EndProject
Project("{FAE04EC0-301F-11D3-BF4B-00C04F79EFBC}") = "CustomConversions", "CustomConversions\CustomConversions.csproj", "{39564FAE-0FB4-4E7C-9BE5-FA23FBB1D687}"
EndProject
Project("{FAE04EC0-301F-11D3-BF4B-00C04F79EFBC}") = "ExtensionMethods", "ExtensionMethods\ExtensionMethods.csproj", "{36D19CF6-573F-4841-81B5-AFC05A12DFB0}"
EndProject
Project("{FAE04EC0-301F-11D3-BF4B-00C04F79EFBC}") = "InterfaceExtensions", "InterfaceExtensions\InterfaceExtensions.csproj", "{DCE3C65F-D935-494A-A9C7-3115A307906C}"
EndProject
Project("{FAE04EC0-301F-11D3-BF4B-00C04F79EFBC}") = "ForEachWithExtensionMethods", "ForEachWithExtensionMethods\ForEachWithExtensionMethods.csproj", "{578A20C7-4D7F-4D80-8875-6806F80ECA12}"
EndProject
Project("{FAE04EC0-301F-11D3-BF4B-00C04F79EFBC}") = "AnonymousTypes", "AnonymousTypes\AnonymousTypes.csproj", "{C833396B-FC0D-43DE-97A5-E3D8D28C5C50}"
EndProject
Project("{FAE04EC0-301F-11D3-BF4B-00C04F79EFBC}") = "SimpleDelegate", "SimpleDelegate\SimpleDelegate.csproj", "{27E2E6CE-4DEE-41E6-8091-E0979F9544AC}"
EndProject
Project("{FAE04EC0-301F-11D3-BF4B-00C04F79EFBC}") = "CarDelegate", "CarDelegate\CarDelegate.csproj", "{583DA4A4-4172-48FF-A68B-B7C830BC4CEE}"
EndProject
Project("{FAE04EC0-301F-11D3-BF4B-00C04F79EFBC}") = "GenericDelegaate", "GenericDelegaate\GenericDelegaate.csproj", "{B4B7A222-CAB4-4F13-B267-3A17DA549A62}"
EndProject
Project("{FAE04EC0-301F-11D3-BF4B-00C04F79EFBC}") = "ActionAndFuncDelegates", "ActionAndFuncDelegates\ActionAndFuncDelegates.csproj", "{EA1D83B8-A3FB-478F-82F1-1AA44EB0CB96}"
EndProject
Project("{FAE04EC0-301F-11D3-BF4B-00C04F79EFBC}") = "PublicDelegateProblem", "PublicDelegateProblem\PublicDelegateProblem.csproj", "{81C5DD57-10FE-47B2-A0B5-32D8222168BF}"
EndProject
Project("{FAE04EC0-301F-11D3-BF4B-00C04F79EFBC}") = "CarEvents", "CarEvents\CarEvents.csproj", "{C98AE455-9793-4972-BE93-D59F3DAC3468}"
EndProject
Project("{FAE04EC0-301F-11D3-BF4B-00C04F79EFBC}") = "AnonymousMethods", "AnonymousMethods\AnonymousMethods.csproj", "{0654D6C2-7841-422A-8B2E-668692B307EA}"
EndProject
Project("{FAE04EC0-301F-11D3-BF4B-00C04F79EFBC}") = "LambdaExpressions", "LambdaExpressions\LambdaExpressions.csproj", "{97745E0F-B60B-4832-919E-2B5885DCB0FF}"
EndProject
Project("{FAE04EC0-301F-11D3-BF4B-00C04F79EFBC}") = "TEST", "TEST\TEST.csproj", "{18739724-3337-489F-BC65-569FF0A90C0F}"
EndProject
Project("{FAE04EC0-301F-11D3-BF4B-00C04F79EFBC}") = "LinqOverArray", "LinqOverArray\LinqOverArray.csproj", "{A3854526-D324-43DB-B6C2-71B07FFD9656}"
EndProject
Project("{FAE04EC0-301F-11D3-BF4B-00C04F79EFBC}") = "LinqRetValues", "LinqRetValues\LinqRetValues.csproj", "{3D74AFA6-01BF-45ED-9F2F-01E9C6A80B1A}"
EndProject
Project("{FAE04EC0-301F-11D3-BF4B-00C04F79EFBC}") = "ListOverCollections", "ListOverCollections\ListOverCollections.csproj", "{DC3543D8-4FBF-4952-B95C-6178A06B7CB5}"
EndProject
Project("{FAE04EC0-301F-11D3-BF4B-00C04F79EFBC}") = "FunWithLinqExpressions", "FunWithLinqExpressions\FunWithLinqExpressions.csproj", "{BAE92975-0041-4E61-8008-C69CE7B90888}"
EndProject
Project("{FAE04EC0-301F-11D3-BF4B-00C04F79EFBC}") = "LinqUsingEnumerable", "LinqUsingEnumerable\LinqUsingEnumerable.csproj", "{C363C761-152A-4058-90CE-A3149807343D}"
EndProject
Project("{FAE04EC0-301F-11D3-BF4B-00C04F79EFBC}") = "ProcessManipulator", "ProcessManipulator\ProcessManipulator.csproj", "{EEC9FAE4-3793-4D66-96F5-91ABE26D8666}"
EndProject
Project("{FAE04EC0-301F-11D3-BF4B-00C04F79EFBC}") = "DefaultAppDomainApp", "DefaultAppDomainApp\DefaultAppDomainApp.csproj", "{BFC58FC8-4B49-4C3B-9AFC-2C772AFF557B}"
EndProject
Project("{FAE04EC0-301F-11D3-BF4B-00C04F79EFBC}") = "ClassLibrary1", "ClassLibrary1\ClassLibrary1.csproj", "{53CBBB4B-0E1E-4DD3-B734-43348F272E3A}"
EndProject
Project("{FAE04EC0-301F-11D3-BF4B-00C04F79EFBC}") = "ThreadStats", "ThreadStats\ThreadStats.csproj", "{6DABE7CB-BFC4-4FF9-8E0A-D8EA6F41BF43}"
EndProject
Project("{FAE04EC0-301F-11D3-BF4B-00C04F79EFBC}") = "SimpleMultiThreadApp", "SimpleMultiThreadApp\SimpleMultiThreadApp.csproj", "{DE26430D-3ECC-4E22-BBAB-51D3BD785E0F}"
EndProject
Project("{FAE04EC0-301F-11D3-BF4B-00C04F79EFBC}") = "AddWithThreads", "AddWithThreads\AddWithThreads.csproj", "{BCC191DD-0E2F-4EF1-A8F2-36CDEC1EBD5C}"
EndProject
Project("{FAE04EC0-301F-11D3-BF4B-00C04F79EFBC}") = "MultiThreadPrinting", "MultiThreadPrinting\MultiThreadPrinting.csproj", "{43A8E744-7032-4041-B21F-321AD600F831}"
EndProject
Project("{FAE04EC0-301F-11D3-BF4B-00C04F79EFBC}") = "TimerApp", "TimerApp\TimerApp.csproj", "{0E83E2E1-609B-4A10-83D1-232CD3C43B30}"
EndProject
Project("{FAE04EC0-301F-11D3-BF4B-00C04F79EFBC}") = "ThreadPoolApp", "ThreadPoolApp\ThreadPoolApp.csproj", "{FA88AA7C-DB68-4F19-B0D9-B182AA41D552}"
EndProject
Project("{FAE04EC0-301F-11D3-BF4B-00C04F79EFBC}") = "DateParallelismWithForEach", "DateParallelismWithForEach\DateParallelismWithForEach.csproj", "{9623A492-D336-4025-BC30-2F5489FC03E6}"
EndProject
Project("{FAE04EC0-301F-11D3-BF4B-00C04F79EFBC}") = "MyEBookReader", "MyEBookReader\MyEBookReader.csproj", "{32310D91-B494-48E1-BD56-409B72D63C17}"
EndProject
Project("{FAE04EC0-301F-11D3-BF4B-00C04F79EFBC}") = "PLINQDataProcessingWithCancellation", "PLINQDataProcessingWithCancellation\PLINQDataProcessingWithCancellation.csproj", "{4465EE38-23A4-44E4-ABF5-0D86EE4569E4}"
EndProject
Project("{FAE04EC0-301F-11D3-BF4B-00C04F79EFBC}") = "FunWithCSharpAsync", "FunWithCSharpAsync\FunWithCSharpAsync.csproj", "{A12B471C-B323-4BE4-B0E4-8D450399CCE0}"
EndProject
Project("{FAE04EC0-301F-11D3-BF4B-00C04F79EFBC}") = "PictureHandlerWithAsyncAwait", "PictureHandlerWithAsyncAwait\PictureHandlerWithAsyncAwait.csproj", "{DC92FBFD-E1C1-4FEE-BEB5-1D5C9CCDCD51}"
EndProject
Global
	GlobalSection(SolutionConfigurationPlatforms) = preSolution
		Debug|Any CPU = Debug|Any CPU
		Debug|x64 = Debug|x64
		Debug|x86 = Debug|x86
		Release|Any CPU = Release|Any CPU
		Release|x64 = Release|x64
		Release|x86 = Release|x86
	EndGlobalSection
	GlobalSection(ProjectConfigurationPlatforms) = postSolution
		{317C4506-8EED-4886-9558-2B6D6E0C1346}.Debug|Any CPU.ActiveCfg = Debug|Any CPU
		{317C4506-8EED-4886-9558-2B6D6E0C1346}.Debug|Any CPU.Build.0 = Debug|Any CPU
		{317C4506-8EED-4886-9558-2B6D6E0C1346}.Debug|x64.ActiveCfg = Debug|Any CPU
		{317C4506-8EED-4886-9558-2B6D6E0C1346}.Debug|x64.Build.0 = Debug|Any CPU
		{317C4506-8EED-4886-9558-2B6D6E0C1346}.Debug|x86.ActiveCfg = Debug|Any CPU
		{317C4506-8EED-4886-9558-2B6D6E0C1346}.Debug|x86.Build.0 = Debug|Any CPU
		{317C4506-8EED-4886-9558-2B6D6E0C1346}.Release|Any CPU.ActiveCfg = Release|Any CPU
		{317C4506-8EED-4886-9558-2B6D6E0C1346}.Release|Any CPU.Build.0 = Release|Any CPU
		{317C4506-8EED-4886-9558-2B6D6E0C1346}.Release|x64.ActiveCfg = Release|Any CPU
		{317C4506-8EED-4886-9558-2B6D6E0C1346}.Release|x64.Build.0 = Release|Any CPU
		{317C4506-8EED-4886-9558-2B6D6E0C1346}.Release|x86.ActiveCfg = Release|Any CPU
		{317C4506-8EED-4886-9558-2B6D6E0C1346}.Release|x86.Build.0 = Release|Any CPU
		{81215CA3-0F4C-4FDB-84D5-49CCA8DCA3A4}.Debug|Any CPU.ActiveCfg = Debug|Any CPU
		{81215CA3-0F4C-4FDB-84D5-49CCA8DCA3A4}.Debug|Any CPU.Build.0 = Debug|Any CPU
		{81215CA3-0F4C-4FDB-84D5-49CCA8DCA3A4}.Debug|x64.ActiveCfg = Debug|Any CPU
		{81215CA3-0F4C-4FDB-84D5-49CCA8DCA3A4}.Debug|x64.Build.0 = Debug|Any CPU
		{81215CA3-0F4C-4FDB-84D5-49CCA8DCA3A4}.Debug|x86.ActiveCfg = Debug|Any CPU
		{81215CA3-0F4C-4FDB-84D5-49CCA8DCA3A4}.Debug|x86.Build.0 = Debug|Any CPU
		{81215CA3-0F4C-4FDB-84D5-49CCA8DCA3A4}.Release|Any CPU.ActiveCfg = Release|Any CPU
		{81215CA3-0F4C-4FDB-84D5-49CCA8DCA3A4}.Release|Any CPU.Build.0 = Release|Any CPU
		{81215CA3-0F4C-4FDB-84D5-49CCA8DCA3A4}.Release|x64.ActiveCfg = Release|Any CPU
		{81215CA3-0F4C-4FDB-84D5-49CCA8DCA3A4}.Release|x64.Build.0 = Release|Any CPU
		{81215CA3-0F4C-4FDB-84D5-49CCA8DCA3A4}.Release|x86.ActiveCfg = Release|Any CPU
		{81215CA3-0F4C-4FDB-84D5-49CCA8DCA3A4}.Release|x86.Build.0 = Release|Any CPU
		{BE53EC7F-9CB8-43E3-8B43-75CE1545B368}.Debug|Any CPU.ActiveCfg = Debug|Any CPU
		{BE53EC7F-9CB8-43E3-8B43-75CE1545B368}.Debug|Any CPU.Build.0 = Debug|Any CPU
		{BE53EC7F-9CB8-43E3-8B43-75CE1545B368}.Debug|x64.ActiveCfg = Debug|Any CPU
		{BE53EC7F-9CB8-43E3-8B43-75CE1545B368}.Debug|x64.Build.0 = Debug|Any CPU
		{BE53EC7F-9CB8-43E3-8B43-75CE1545B368}.Debug|x86.ActiveCfg = Debug|Any CPU
		{BE53EC7F-9CB8-43E3-8B43-75CE1545B368}.Debug|x86.Build.0 = Debug|Any CPU
		{BE53EC7F-9CB8-43E3-8B43-75CE1545B368}.Release|Any CPU.ActiveCfg = Release|Any CPU
		{BE53EC7F-9CB8-43E3-8B43-75CE1545B368}.Release|Any CPU.Build.0 = Release|Any CPU
		{BE53EC7F-9CB8-43E3-8B43-75CE1545B368}.Release|x64.ActiveCfg = Release|Any CPU
		{BE53EC7F-9CB8-43E3-8B43-75CE1545B368}.Release|x64.Build.0 = Release|Any CPU
		{BE53EC7F-9CB8-43E3-8B43-75CE1545B368}.Release|x86.ActiveCfg = Release|Any CPU
		{BE53EC7F-9CB8-43E3-8B43-75CE1545B368}.Release|x86.Build.0 = Release|Any CPU
		{A419342D-1B38-4C3B-8BEE-4CF3A995BBB8}.Debug|Any CPU.ActiveCfg = Debug|Any CPU
		{A419342D-1B38-4C3B-8BEE-4CF3A995BBB8}.Debug|Any CPU.Build.0 = Debug|Any CPU
		{A419342D-1B38-4C3B-8BEE-4CF3A995BBB8}.Debug|x64.ActiveCfg = Debug|Any CPU
		{A419342D-1B38-4C3B-8BEE-4CF3A995BBB8}.Debug|x64.Build.0 = Debug|Any CPU
		{A419342D-1B38-4C3B-8BEE-4CF3A995BBB8}.Debug|x86.ActiveCfg = Debug|Any CPU
		{A419342D-1B38-4C3B-8BEE-4CF3A995BBB8}.Debug|x86.Build.0 = Debug|Any CPU
		{A419342D-1B38-4C3B-8BEE-4CF3A995BBB8}.Release|Any CPU.ActiveCfg = Release|Any CPU
		{A419342D-1B38-4C3B-8BEE-4CF3A995BBB8}.Release|Any CPU.Build.0 = Release|Any CPU
		{A419342D-1B38-4C3B-8BEE-4CF3A995BBB8}.Release|x64.ActiveCfg = Release|Any CPU
		{A419342D-1B38-4C3B-8BEE-4CF3A995BBB8}.Release|x64.Build.0 = Release|Any CPU
		{A419342D-1B38-4C3B-8BEE-4CF3A995BBB8}.Release|x86.ActiveCfg = Release|Any CPU
		{A419342D-1B38-4C3B-8BEE-4CF3A995BBB8}.Release|x86.Build.0 = Release|Any CPU
		{90AA146B-E5A0-4F21-A03A-EF834F0E5D25}.Debug|Any CPU.ActiveCfg = Debug|Any CPU
		{90AA146B-E5A0-4F21-A03A-EF834F0E5D25}.Debug|Any CPU.Build.0 = Debug|Any CPU
		{90AA146B-E5A0-4F21-A03A-EF834F0E5D25}.Debug|x64.ActiveCfg = Debug|Any CPU
		{90AA146B-E5A0-4F21-A03A-EF834F0E5D25}.Debug|x64.Build.0 = Debug|Any CPU
		{90AA146B-E5A0-4F21-A03A-EF834F0E5D25}.Debug|x86.ActiveCfg = Debug|Any CPU
		{90AA146B-E5A0-4F21-A03A-EF834F0E5D25}.Debug|x86.Build.0 = Debug|Any CPU
		{90AA146B-E5A0-4F21-A03A-EF834F0E5D25}.Release|Any CPU.ActiveCfg = Release|Any CPU
		{90AA146B-E5A0-4F21-A03A-EF834F0E5D25}.Release|Any CPU.Build.0 = Release|Any CPU
		{90AA146B-E5A0-4F21-A03A-EF834F0E5D25}.Release|x64.ActiveCfg = Release|Any CPU
		{90AA146B-E5A0-4F21-A03A-EF834F0E5D25}.Release|x64.Build.0 = Release|Any CPU
		{90AA146B-E5A0-4F21-A03A-EF834F0E5D25}.Release|x86.ActiveCfg = Release|Any CPU
		{90AA146B-E5A0-4F21-A03A-EF834F0E5D25}.Release|x86.Build.0 = Release|Any CPU
		{57B4A555-9DF7-4D2D-91F9-AC2C52B3E4BB}.Debug|Any CPU.ActiveCfg = Debug|Any CPU
		{57B4A555-9DF7-4D2D-91F9-AC2C52B3E4BB}.Debug|Any CPU.Build.0 = Debug|Any CPU
		{57B4A555-9DF7-4D2D-91F9-AC2C52B3E4BB}.Debug|x64.ActiveCfg = Debug|Any CPU
		{57B4A555-9DF7-4D2D-91F9-AC2C52B3E4BB}.Debug|x64.Build.0 = Debug|Any CPU
		{57B4A555-9DF7-4D2D-91F9-AC2C52B3E4BB}.Debug|x86.ActiveCfg = Debug|Any CPU
		{57B4A555-9DF7-4D2D-91F9-AC2C52B3E4BB}.Debug|x86.Build.0 = Debug|Any CPU
		{57B4A555-9DF7-4D2D-91F9-AC2C52B3E4BB}.Release|Any CPU.ActiveCfg = Release|Any CPU
		{57B4A555-9DF7-4D2D-91F9-AC2C52B3E4BB}.Release|Any CPU.Build.0 = Release|Any CPU
		{57B4A555-9DF7-4D2D-91F9-AC2C52B3E4BB}.Release|x64.ActiveCfg = Release|Any CPU
		{57B4A555-9DF7-4D2D-91F9-AC2C52B3E4BB}.Release|x64.Build.0 = Release|Any CPU
		{57B4A555-9DF7-4D2D-91F9-AC2C52B3E4BB}.Release|x86.ActiveCfg = Release|Any CPU
		{57B4A555-9DF7-4D2D-91F9-AC2C52B3E4BB}.Release|x86.Build.0 = Release|Any CPU
		{B3944C75-B81D-4781-916E-8599DF79FCD8}.Debug|Any CPU.ActiveCfg = Debug|Any CPU
		{B3944C75-B81D-4781-916E-8599DF79FCD8}.Debug|Any CPU.Build.0 = Debug|Any CPU
		{B3944C75-B81D-4781-916E-8599DF79FCD8}.Debug|x64.ActiveCfg = Debug|Any CPU
		{B3944C75-B81D-4781-916E-8599DF79FCD8}.Debug|x64.Build.0 = Debug|Any CPU
		{B3944C75-B81D-4781-916E-8599DF79FCD8}.Debug|x86.ActiveCfg = Debug|Any CPU
		{B3944C75-B81D-4781-916E-8599DF79FCD8}.Debug|x86.Build.0 = Debug|Any CPU
		{B3944C75-B81D-4781-916E-8599DF79FCD8}.Release|Any CPU.ActiveCfg = Release|Any CPU
		{B3944C75-B81D-4781-916E-8599DF79FCD8}.Release|Any CPU.Build.0 = Release|Any CPU
		{B3944C75-B81D-4781-916E-8599DF79FCD8}.Release|x64.ActiveCfg = Release|Any CPU
		{B3944C75-B81D-4781-916E-8599DF79FCD8}.Release|x64.Build.0 = Release|Any CPU
		{B3944C75-B81D-4781-916E-8599DF79FCD8}.Release|x86.ActiveCfg = Release|Any CPU
		{B3944C75-B81D-4781-916E-8599DF79FCD8}.Release|x86.Build.0 = Release|Any CPU
		{56770C01-2DD3-4C8F-B8AA-8AC504E50666}.Debug|Any CPU.ActiveCfg = Debug|Any CPU
		{56770C01-2DD3-4C8F-B8AA-8AC504E50666}.Debug|Any CPU.Build.0 = Debug|Any CPU
		{56770C01-2DD3-4C8F-B8AA-8AC504E50666}.Debug|x64.ActiveCfg = Debug|Any CPU
		{56770C01-2DD3-4C8F-B8AA-8AC504E50666}.Debug|x64.Build.0 = Debug|Any CPU
		{56770C01-2DD3-4C8F-B8AA-8AC504E50666}.Debug|x86.ActiveCfg = Debug|Any CPU
		{56770C01-2DD3-4C8F-B8AA-8AC504E50666}.Debug|x86.Build.0 = Debug|Any CPU
		{56770C01-2DD3-4C8F-B8AA-8AC504E50666}.Release|Any CPU.ActiveCfg = Release|Any CPU
		{56770C01-2DD3-4C8F-B8AA-8AC504E50666}.Release|Any CPU.Build.0 = Release|Any CPU
		{56770C01-2DD3-4C8F-B8AA-8AC504E50666}.Release|x64.ActiveCfg = Release|Any CPU
		{56770C01-2DD3-4C8F-B8AA-8AC504E50666}.Release|x64.Build.0 = Release|Any CPU
		{56770C01-2DD3-4C8F-B8AA-8AC504E50666}.Release|x86.ActiveCfg = Release|Any CPU
		{56770C01-2DD3-4C8F-B8AA-8AC504E50666}.Release|x86.Build.0 = Release|Any CPU
		{F80E1E16-87B5-40C1-A1AD-0AA21654FBBA}.Debug|Any CPU.ActiveCfg = Debug|Any CPU
		{F80E1E16-87B5-40C1-A1AD-0AA21654FBBA}.Debug|Any CPU.Build.0 = Debug|Any CPU
		{F80E1E16-87B5-40C1-A1AD-0AA21654FBBA}.Debug|x64.ActiveCfg = Debug|Any CPU
		{F80E1E16-87B5-40C1-A1AD-0AA21654FBBA}.Debug|x64.Build.0 = Debug|Any CPU
		{F80E1E16-87B5-40C1-A1AD-0AA21654FBBA}.Debug|x86.ActiveCfg = Debug|Any CPU
		{F80E1E16-87B5-40C1-A1AD-0AA21654FBBA}.Debug|x86.Build.0 = Debug|Any CPU
		{F80E1E16-87B5-40C1-A1AD-0AA21654FBBA}.Release|Any CPU.ActiveCfg = Release|Any CPU
		{F80E1E16-87B5-40C1-A1AD-0AA21654FBBA}.Release|Any CPU.Build.0 = Release|Any CPU
		{F80E1E16-87B5-40C1-A1AD-0AA21654FBBA}.Release|x64.ActiveCfg = Release|Any CPU
		{F80E1E16-87B5-40C1-A1AD-0AA21654FBBA}.Release|x64.Build.0 = Release|Any CPU
		{F80E1E16-87B5-40C1-A1AD-0AA21654FBBA}.Release|x86.ActiveCfg = Release|Any CPU
		{F80E1E16-87B5-40C1-A1AD-0AA21654FBBA}.Release|x86.Build.0 = Release|Any CPU
		{74F360C7-76AD-4A0C-9F11-B5BCBAD7F65F}.Debug|Any CPU.ActiveCfg = Debug|Any CPU
		{74F360C7-76AD-4A0C-9F11-B5BCBAD7F65F}.Debug|Any CPU.Build.0 = Debug|Any CPU
		{74F360C7-76AD-4A0C-9F11-B5BCBAD7F65F}.Debug|x64.ActiveCfg = Debug|Any CPU
		{74F360C7-76AD-4A0C-9F11-B5BCBAD7F65F}.Debug|x64.Build.0 = Debug|Any CPU
		{74F360C7-76AD-4A0C-9F11-B5BCBAD7F65F}.Debug|x86.ActiveCfg = Debug|Any CPU
		{74F360C7-76AD-4A0C-9F11-B5BCBAD7F65F}.Debug|x86.Build.0 = Debug|Any CPU
		{74F360C7-76AD-4A0C-9F11-B5BCBAD7F65F}.Release|Any CPU.ActiveCfg = Release|Any CPU
		{74F360C7-76AD-4A0C-9F11-B5BCBAD7F65F}.Release|Any CPU.Build.0 = Release|Any CPU
		{74F360C7-76AD-4A0C-9F11-B5BCBAD7F65F}.Release|x64.ActiveCfg = Release|Any CPU
		{74F360C7-76AD-4A0C-9F11-B5BCBAD7F65F}.Release|x64.Build.0 = Release|Any CPU
		{74F360C7-76AD-4A0C-9F11-B5BCBAD7F65F}.Release|x86.ActiveCfg = Release|Any CPU
		{74F360C7-76AD-4A0C-9F11-B5BCBAD7F65F}.Release|x86.Build.0 = Release|Any CPU
		{AD636F3A-D281-4C84-9B7B-FF05BE9FED25}.Debug|Any CPU.ActiveCfg = Debug|Any CPU
		{AD636F3A-D281-4C84-9B7B-FF05BE9FED25}.Debug|Any CPU.Build.0 = Debug|Any CPU
		{AD636F3A-D281-4C84-9B7B-FF05BE9FED25}.Debug|x64.ActiveCfg = Debug|Any CPU
		{AD636F3A-D281-4C84-9B7B-FF05BE9FED25}.Debug|x64.Build.0 = Debug|Any CPU
		{AD636F3A-D281-4C84-9B7B-FF05BE9FED25}.Debug|x86.ActiveCfg = Debug|Any CPU
		{AD636F3A-D281-4C84-9B7B-FF05BE9FED25}.Debug|x86.Build.0 = Debug|Any CPU
		{AD636F3A-D281-4C84-9B7B-FF05BE9FED25}.Release|Any CPU.ActiveCfg = Release|Any CPU
		{AD636F3A-D281-4C84-9B7B-FF05BE9FED25}.Release|Any CPU.Build.0 = Release|Any CPU
		{AD636F3A-D281-4C84-9B7B-FF05BE9FED25}.Release|x64.ActiveCfg = Release|Any CPU
		{AD636F3A-D281-4C84-9B7B-FF05BE9FED25}.Release|x64.Build.0 = Release|Any CPU
		{AD636F3A-D281-4C84-9B7B-FF05BE9FED25}.Release|x86.ActiveCfg = Release|Any CPU
		{AD636F3A-D281-4C84-9B7B-FF05BE9FED25}.Release|x86.Build.0 = Release|Any CPU
		{5DBD23A2-533D-4D32-AF90-21780617F2AB}.Debug|Any CPU.ActiveCfg = Debug|Any CPU
		{5DBD23A2-533D-4D32-AF90-21780617F2AB}.Debug|Any CPU.Build.0 = Debug|Any CPU
		{5DBD23A2-533D-4D32-AF90-21780617F2AB}.Debug|x64.ActiveCfg = Debug|Any CPU
		{5DBD23A2-533D-4D32-AF90-21780617F2AB}.Debug|x64.Build.0 = Debug|Any CPU
		{5DBD23A2-533D-4D32-AF90-21780617F2AB}.Debug|x86.ActiveCfg = Debug|Any CPU
		{5DBD23A2-533D-4D32-AF90-21780617F2AB}.Debug|x86.Build.0 = Debug|Any CPU
		{5DBD23A2-533D-4D32-AF90-21780617F2AB}.Release|Any CPU.ActiveCfg = Release|Any CPU
		{5DBD23A2-533D-4D32-AF90-21780617F2AB}.Release|Any CPU.Build.0 = Release|Any CPU
		{5DBD23A2-533D-4D32-AF90-21780617F2AB}.Release|x64.ActiveCfg = Release|Any CPU
		{5DBD23A2-533D-4D32-AF90-21780617F2AB}.Release|x64.Build.0 = Release|Any CPU
		{5DBD23A2-533D-4D32-AF90-21780617F2AB}.Release|x86.ActiveCfg = Release|Any CPU
		{5DBD23A2-533D-4D32-AF90-21780617F2AB}.Release|x86.Build.0 = Release|Any CPU
		{85EB2E26-23A4-4C63-AD1F-ACAB9EB9556E}.Debug|Any CPU.ActiveCfg = Debug|Any CPU
		{85EB2E26-23A4-4C63-AD1F-ACAB9EB9556E}.Debug|Any CPU.Build.0 = Debug|Any CPU
		{85EB2E26-23A4-4C63-AD1F-ACAB9EB9556E}.Debug|x64.ActiveCfg = Debug|Any CPU
		{85EB2E26-23A4-4C63-AD1F-ACAB9EB9556E}.Debug|x64.Build.0 = Debug|Any CPU
		{85EB2E26-23A4-4C63-AD1F-ACAB9EB9556E}.Debug|x86.ActiveCfg = Debug|Any CPU
		{85EB2E26-23A4-4C63-AD1F-ACAB9EB9556E}.Debug|x86.Build.0 = Debug|Any CPU
		{85EB2E26-23A4-4C63-AD1F-ACAB9EB9556E}.Release|Any CPU.ActiveCfg = Release|Any CPU
		{85EB2E26-23A4-4C63-AD1F-ACAB9EB9556E}.Release|Any CPU.Build.0 = Release|Any CPU
		{85EB2E26-23A4-4C63-AD1F-ACAB9EB9556E}.Release|x64.ActiveCfg = Release|Any CPU
		{85EB2E26-23A4-4C63-AD1F-ACAB9EB9556E}.Release|x64.Build.0 = Release|Any CPU
		{85EB2E26-23A4-4C63-AD1F-ACAB9EB9556E}.Release|x86.ActiveCfg = Release|Any CPU
		{85EB2E26-23A4-4C63-AD1F-ACAB9EB9556E}.Release|x86.Build.0 = Release|Any CPU
		{D3C711CE-792D-4E67-9616-EA7020B439C7}.Debug|Any CPU.ActiveCfg = Debug|Any CPU
		{D3C711CE-792D-4E67-9616-EA7020B439C7}.Debug|Any CPU.Build.0 = Debug|Any CPU
		{D3C711CE-792D-4E67-9616-EA7020B439C7}.Debug|x64.ActiveCfg = Debug|Any CPU
		{D3C711CE-792D-4E67-9616-EA7020B439C7}.Debug|x64.Build.0 = Debug|Any CPU
		{D3C711CE-792D-4E67-9616-EA7020B439C7}.Debug|x86.ActiveCfg = Debug|Any CPU
		{D3C711CE-792D-4E67-9616-EA7020B439C7}.Debug|x86.Build.0 = Debug|Any CPU
		{D3C711CE-792D-4E67-9616-EA7020B439C7}.Release|Any CPU.ActiveCfg = Release|Any CPU
		{D3C711CE-792D-4E67-9616-EA7020B439C7}.Release|Any CPU.Build.0 = Release|Any CPU
		{D3C711CE-792D-4E67-9616-EA7020B439C7}.Release|x64.ActiveCfg = Release|Any CPU
		{D3C711CE-792D-4E67-9616-EA7020B439C7}.Release|x64.Build.0 = Release|Any CPU
		{D3C711CE-792D-4E67-9616-EA7020B439C7}.Release|x86.ActiveCfg = Release|Any CPU
		{D3C711CE-792D-4E67-9616-EA7020B439C7}.Release|x86.Build.0 = Release|Any CPU
		{CD68A3D1-DC47-49C4-B1B5-092F4E504C07}.Debug|Any CPU.ActiveCfg = Debug|Any CPU
		{CD68A3D1-DC47-49C4-B1B5-092F4E504C07}.Debug|Any CPU.Build.0 = Debug|Any CPU
		{CD68A3D1-DC47-49C4-B1B5-092F4E504C07}.Debug|x64.ActiveCfg = Debug|Any CPU
		{CD68A3D1-DC47-49C4-B1B5-092F4E504C07}.Debug|x64.Build.0 = Debug|Any CPU
		{CD68A3D1-DC47-49C4-B1B5-092F4E504C07}.Debug|x86.ActiveCfg = Debug|Any CPU
		{CD68A3D1-DC47-49C4-B1B5-092F4E504C07}.Debug|x86.Build.0 = Debug|Any CPU
		{CD68A3D1-DC47-49C4-B1B5-092F4E504C07}.Release|Any CPU.ActiveCfg = Release|Any CPU
		{CD68A3D1-DC47-49C4-B1B5-092F4E504C07}.Release|Any CPU.Build.0 = Release|Any CPU
		{CD68A3D1-DC47-49C4-B1B5-092F4E504C07}.Release|x64.ActiveCfg = Release|Any CPU
		{CD68A3D1-DC47-49C4-B1B5-092F4E504C07}.Release|x64.Build.0 = Release|Any CPU
		{CD68A3D1-DC47-49C4-B1B5-092F4E504C07}.Release|x86.ActiveCfg = Release|Any CPU
		{CD68A3D1-DC47-49C4-B1B5-092F4E504C07}.Release|x86.Build.0 = Release|Any CPU
		{5E725BCB-ACF5-4515-A02E-5C9706CA6330}.Debug|Any CPU.ActiveCfg = Debug|Any CPU
		{5E725BCB-ACF5-4515-A02E-5C9706CA6330}.Debug|Any CPU.Build.0 = Debug|Any CPU
		{5E725BCB-ACF5-4515-A02E-5C9706CA6330}.Debug|x64.ActiveCfg = Debug|Any CPU
		{5E725BCB-ACF5-4515-A02E-5C9706CA6330}.Debug|x64.Build.0 = Debug|Any CPU
		{5E725BCB-ACF5-4515-A02E-5C9706CA6330}.Debug|x86.ActiveCfg = Debug|Any CPU
		{5E725BCB-ACF5-4515-A02E-5C9706CA6330}.Debug|x86.Build.0 = Debug|Any CPU
		{5E725BCB-ACF5-4515-A02E-5C9706CA6330}.Release|Any CPU.ActiveCfg = Release|Any CPU
		{5E725BCB-ACF5-4515-A02E-5C9706CA6330}.Release|Any CPU.Build.0 = Release|Any CPU
		{5E725BCB-ACF5-4515-A02E-5C9706CA6330}.Release|x64.ActiveCfg = Release|Any CPU
		{5E725BCB-ACF5-4515-A02E-5C9706CA6330}.Release|x64.Build.0 = Release|Any CPU
		{5E725BCB-ACF5-4515-A02E-5C9706CA6330}.Release|x86.ActiveCfg = Release|Any CPU
		{5E725BCB-ACF5-4515-A02E-5C9706CA6330}.Release|x86.Build.0 = Release|Any CPU
		{07FAEA92-53C8-4786-BE41-B8E9990AEE1E}.Debug|Any CPU.ActiveCfg = Debug|Any CPU
		{07FAEA92-53C8-4786-BE41-B8E9990AEE1E}.Debug|Any CPU.Build.0 = Debug|Any CPU
		{07FAEA92-53C8-4786-BE41-B8E9990AEE1E}.Debug|x64.ActiveCfg = Debug|Any CPU
		{07FAEA92-53C8-4786-BE41-B8E9990AEE1E}.Debug|x64.Build.0 = Debug|Any CPU
		{07FAEA92-53C8-4786-BE41-B8E9990AEE1E}.Debug|x86.ActiveCfg = Debug|Any CPU
		{07FAEA92-53C8-4786-BE41-B8E9990AEE1E}.Debug|x86.Build.0 = Debug|Any CPU
		{07FAEA92-53C8-4786-BE41-B8E9990AEE1E}.Release|Any CPU.ActiveCfg = Release|Any CPU
		{07FAEA92-53C8-4786-BE41-B8E9990AEE1E}.Release|Any CPU.Build.0 = Release|Any CPU
		{07FAEA92-53C8-4786-BE41-B8E9990AEE1E}.Release|x64.ActiveCfg = Release|Any CPU
		{07FAEA92-53C8-4786-BE41-B8E9990AEE1E}.Release|x64.Build.0 = Release|Any CPU
		{07FAEA92-53C8-4786-BE41-B8E9990AEE1E}.Release|x86.ActiveCfg = Release|Any CPU
		{07FAEA92-53C8-4786-BE41-B8E9990AEE1E}.Release|x86.Build.0 = Release|Any CPU
		{7E195211-5858-4084-A7E8-3B7060529F91}.Debug|Any CPU.ActiveCfg = Debug|Any CPU
		{7E195211-5858-4084-A7E8-3B7060529F91}.Debug|Any CPU.Build.0 = Debug|Any CPU
		{7E195211-5858-4084-A7E8-3B7060529F91}.Debug|x64.ActiveCfg = Debug|Any CPU
		{7E195211-5858-4084-A7E8-3B7060529F91}.Debug|x64.Build.0 = Debug|Any CPU
		{7E195211-5858-4084-A7E8-3B7060529F91}.Debug|x86.ActiveCfg = Debug|Any CPU
		{7E195211-5858-4084-A7E8-3B7060529F91}.Debug|x86.Build.0 = Debug|Any CPU
		{7E195211-5858-4084-A7E8-3B7060529F91}.Release|Any CPU.ActiveCfg = Release|Any CPU
		{7E195211-5858-4084-A7E8-3B7060529F91}.Release|Any CPU.Build.0 = Release|Any CPU
		{7E195211-5858-4084-A7E8-3B7060529F91}.Release|x64.ActiveCfg = Release|Any CPU
		{7E195211-5858-4084-A7E8-3B7060529F91}.Release|x64.Build.0 = Release|Any CPU
		{7E195211-5858-4084-A7E8-3B7060529F91}.Release|x86.ActiveCfg = Release|Any CPU
		{7E195211-5858-4084-A7E8-3B7060529F91}.Release|x86.Build.0 = Release|Any CPU
		{90C002C9-CC6C-4488-A857-F6283E66DE75}.Debug|Any CPU.ActiveCfg = Debug|Any CPU
		{90C002C9-CC6C-4488-A857-F6283E66DE75}.Debug|Any CPU.Build.0 = Debug|Any CPU
		{90C002C9-CC6C-4488-A857-F6283E66DE75}.Debug|x64.ActiveCfg = Debug|Any CPU
		{90C002C9-CC6C-4488-A857-F6283E66DE75}.Debug|x64.Build.0 = Debug|Any CPU
		{90C002C9-CC6C-4488-A857-F6283E66DE75}.Debug|x86.ActiveCfg = Debug|Any CPU
		{90C002C9-CC6C-4488-A857-F6283E66DE75}.Debug|x86.Build.0 = Debug|Any CPU
		{90C002C9-CC6C-4488-A857-F6283E66DE75}.Release|Any CPU.ActiveCfg = Release|Any CPU
		{90C002C9-CC6C-4488-A857-F6283E66DE75}.Release|Any CPU.Build.0 = Release|Any CPU
		{90C002C9-CC6C-4488-A857-F6283E66DE75}.Release|x64.ActiveCfg = Release|Any CPU
		{90C002C9-CC6C-4488-A857-F6283E66DE75}.Release|x64.Build.0 = Release|Any CPU
		{90C002C9-CC6C-4488-A857-F6283E66DE75}.Release|x86.ActiveCfg = Release|Any CPU
		{90C002C9-CC6C-4488-A857-F6283E66DE75}.Release|x86.Build.0 = Release|Any CPU
		{E83C2B16-F914-4A30-9633-426650CB83BA}.Debug|Any CPU.ActiveCfg = Debug|Any CPU
		{E83C2B16-F914-4A30-9633-426650CB83BA}.Debug|Any CPU.Build.0 = Debug|Any CPU
		{E83C2B16-F914-4A30-9633-426650CB83BA}.Debug|x64.ActiveCfg = Debug|Any CPU
		{E83C2B16-F914-4A30-9633-426650CB83BA}.Debug|x64.Build.0 = Debug|Any CPU
		{E83C2B16-F914-4A30-9633-426650CB83BA}.Debug|x86.ActiveCfg = Debug|Any CPU
		{E83C2B16-F914-4A30-9633-426650CB83BA}.Debug|x86.Build.0 = Debug|Any CPU
		{E83C2B16-F914-4A30-9633-426650CB83BA}.Release|Any CPU.ActiveCfg = Release|Any CPU
		{E83C2B16-F914-4A30-9633-426650CB83BA}.Release|Any CPU.Build.0 = Release|Any CPU
		{E83C2B16-F914-4A30-9633-426650CB83BA}.Release|x64.ActiveCfg = Release|Any CPU
		{E83C2B16-F914-4A30-9633-426650CB83BA}.Release|x64.Build.0 = Release|Any CPU
		{E83C2B16-F914-4A30-9633-426650CB83BA}.Release|x86.ActiveCfg = Release|Any CPU
		{E83C2B16-F914-4A30-9633-426650CB83BA}.Release|x86.Build.0 = Release|Any CPU
		{29C29139-C221-41B2-8808-6A67093D98D1}.Debug|Any CPU.ActiveCfg = Debug|Any CPU
		{29C29139-C221-41B2-8808-6A67093D98D1}.Debug|Any CPU.Build.0 = Debug|Any CPU
		{29C29139-C221-41B2-8808-6A67093D98D1}.Debug|x64.ActiveCfg = Debug|Any CPU
		{29C29139-C221-41B2-8808-6A67093D98D1}.Debug|x64.Build.0 = Debug|Any CPU
		{29C29139-C221-41B2-8808-6A67093D98D1}.Debug|x86.ActiveCfg = Debug|Any CPU
		{29C29139-C221-41B2-8808-6A67093D98D1}.Debug|x86.Build.0 = Debug|Any CPU
		{29C29139-C221-41B2-8808-6A67093D98D1}.Release|Any CPU.ActiveCfg = Release|Any CPU
		{29C29139-C221-41B2-8808-6A67093D98D1}.Release|Any CPU.Build.0 = Release|Any CPU
		{29C29139-C221-41B2-8808-6A67093D98D1}.Release|x64.ActiveCfg = Release|Any CPU
		{29C29139-C221-41B2-8808-6A67093D98D1}.Release|x64.Build.0 = Release|Any CPU
		{29C29139-C221-41B2-8808-6A67093D98D1}.Release|x86.ActiveCfg = Release|Any CPU
		{29C29139-C221-41B2-8808-6A67093D98D1}.Release|x86.Build.0 = Release|Any CPU
		{FBDA26C7-4983-4B7E-9250-6A8F1DE43956}.Debug|Any CPU.ActiveCfg = Debug|Any CPU
		{FBDA26C7-4983-4B7E-9250-6A8F1DE43956}.Debug|Any CPU.Build.0 = Debug|Any CPU
		{FBDA26C7-4983-4B7E-9250-6A8F1DE43956}.Debug|x64.ActiveCfg = Debug|Any CPU
		{FBDA26C7-4983-4B7E-9250-6A8F1DE43956}.Debug|x64.Build.0 = Debug|Any CPU
		{FBDA26C7-4983-4B7E-9250-6A8F1DE43956}.Debug|x86.ActiveCfg = Debug|Any CPU
		{FBDA26C7-4983-4B7E-9250-6A8F1DE43956}.Debug|x86.Build.0 = Debug|Any CPU
		{FBDA26C7-4983-4B7E-9250-6A8F1DE43956}.Release|Any CPU.ActiveCfg = Release|Any CPU
		{FBDA26C7-4983-4B7E-9250-6A8F1DE43956}.Release|Any CPU.Build.0 = Release|Any CPU
		{FBDA26C7-4983-4B7E-9250-6A8F1DE43956}.Release|x64.ActiveCfg = Release|Any CPU
		{FBDA26C7-4983-4B7E-9250-6A8F1DE43956}.Release|x64.Build.0 = Release|Any CPU
		{FBDA26C7-4983-4B7E-9250-6A8F1DE43956}.Release|x86.ActiveCfg = Release|Any CPU
		{FBDA26C7-4983-4B7E-9250-6A8F1DE43956}.Release|x86.Build.0 = Release|Any CPU
		{13A3F42B-A03F-43E0-9DB8-4DE66BA3B99E}.Debug|Any CPU.ActiveCfg = Debug|Any CPU
		{13A3F42B-A03F-43E0-9DB8-4DE66BA3B99E}.Debug|Any CPU.Build.0 = Debug|Any CPU
		{13A3F42B-A03F-43E0-9DB8-4DE66BA3B99E}.Debug|x64.ActiveCfg = Debug|Any CPU
		{13A3F42B-A03F-43E0-9DB8-4DE66BA3B99E}.Debug|x64.Build.0 = Debug|Any CPU
		{13A3F42B-A03F-43E0-9DB8-4DE66BA3B99E}.Debug|x86.ActiveCfg = Debug|Any CPU
		{13A3F42B-A03F-43E0-9DB8-4DE66BA3B99E}.Debug|x86.Build.0 = Debug|Any CPU
		{13A3F42B-A03F-43E0-9DB8-4DE66BA3B99E}.Release|Any CPU.ActiveCfg = Release|Any CPU
		{13A3F42B-A03F-43E0-9DB8-4DE66BA3B99E}.Release|Any CPU.Build.0 = Release|Any CPU
		{13A3F42B-A03F-43E0-9DB8-4DE66BA3B99E}.Release|x64.ActiveCfg = Release|Any CPU
		{13A3F42B-A03F-43E0-9DB8-4DE66BA3B99E}.Release|x64.Build.0 = Release|Any CPU
		{13A3F42B-A03F-43E0-9DB8-4DE66BA3B99E}.Release|x86.ActiveCfg = Release|Any CPU
		{13A3F42B-A03F-43E0-9DB8-4DE66BA3B99E}.Release|x86.Build.0 = Release|Any CPU
		{C06A5B94-26A2-468D-8AFD-F7DF0C5727AB}.Debug|Any CPU.ActiveCfg = Debug|Any CPU
		{C06A5B94-26A2-468D-8AFD-F7DF0C5727AB}.Debug|Any CPU.Build.0 = Debug|Any CPU
		{C06A5B94-26A2-468D-8AFD-F7DF0C5727AB}.Debug|x64.ActiveCfg = Debug|Any CPU
		{C06A5B94-26A2-468D-8AFD-F7DF0C5727AB}.Debug|x64.Build.0 = Debug|Any CPU
		{C06A5B94-26A2-468D-8AFD-F7DF0C5727AB}.Debug|x86.ActiveCfg = Debug|Any CPU
		{C06A5B94-26A2-468D-8AFD-F7DF0C5727AB}.Debug|x86.Build.0 = Debug|Any CPU
		{C06A5B94-26A2-468D-8AFD-F7DF0C5727AB}.Release|Any CPU.ActiveCfg = Release|Any CPU
		{C06A5B94-26A2-468D-8AFD-F7DF0C5727AB}.Release|Any CPU.Build.0 = Release|Any CPU
		{C06A5B94-26A2-468D-8AFD-F7DF0C5727AB}.Release|x64.ActiveCfg = Release|Any CPU
		{C06A5B94-26A2-468D-8AFD-F7DF0C5727AB}.Release|x64.Build.0 = Release|Any CPU
		{C06A5B94-26A2-468D-8AFD-F7DF0C5727AB}.Release|x86.ActiveCfg = Release|Any CPU
		{C06A5B94-26A2-468D-8AFD-F7DF0C5727AB}.Release|x86.Build.0 = Release|Any CPU
		{B455A9EA-AD01-418B-9AB8-ED9FA3E0A9F9}.Debug|Any CPU.ActiveCfg = Debug|Any CPU
		{B455A9EA-AD01-418B-9AB8-ED9FA3E0A9F9}.Debug|Any CPU.Build.0 = Debug|Any CPU
		{B455A9EA-AD01-418B-9AB8-ED9FA3E0A9F9}.Debug|x64.ActiveCfg = Debug|Any CPU
		{B455A9EA-AD01-418B-9AB8-ED9FA3E0A9F9}.Debug|x64.Build.0 = Debug|Any CPU
		{B455A9EA-AD01-418B-9AB8-ED9FA3E0A9F9}.Debug|x86.ActiveCfg = Debug|Any CPU
		{B455A9EA-AD01-418B-9AB8-ED9FA3E0A9F9}.Debug|x86.Build.0 = Debug|Any CPU
		{B455A9EA-AD01-418B-9AB8-ED9FA3E0A9F9}.Release|Any CPU.ActiveCfg = Release|Any CPU
		{B455A9EA-AD01-418B-9AB8-ED9FA3E0A9F9}.Release|Any CPU.Build.0 = Release|Any CPU
		{B455A9EA-AD01-418B-9AB8-ED9FA3E0A9F9}.Release|x64.ActiveCfg = Release|Any CPU
		{B455A9EA-AD01-418B-9AB8-ED9FA3E0A9F9}.Release|x64.Build.0 = Release|Any CPU
		{B455A9EA-AD01-418B-9AB8-ED9FA3E0A9F9}.Release|x86.ActiveCfg = Release|Any CPU
		{B455A9EA-AD01-418B-9AB8-ED9FA3E0A9F9}.Release|x86.Build.0 = Release|Any CPU
		{1D3DB366-5E32-4E99-A8BC-57A9CD6FF1BA}.Debug|Any CPU.ActiveCfg = Debug|Any CPU
		{1D3DB366-5E32-4E99-A8BC-57A9CD6FF1BA}.Debug|Any CPU.Build.0 = Debug|Any CPU
		{1D3DB366-5E32-4E99-A8BC-57A9CD6FF1BA}.Debug|x64.ActiveCfg = Debug|Any CPU
		{1D3DB366-5E32-4E99-A8BC-57A9CD6FF1BA}.Debug|x64.Build.0 = Debug|Any CPU
		{1D3DB366-5E32-4E99-A8BC-57A9CD6FF1BA}.Debug|x86.ActiveCfg = Debug|Any CPU
		{1D3DB366-5E32-4E99-A8BC-57A9CD6FF1BA}.Debug|x86.Build.0 = Debug|Any CPU
		{1D3DB366-5E32-4E99-A8BC-57A9CD6FF1BA}.Release|Any CPU.ActiveCfg = Release|Any CPU
		{1D3DB366-5E32-4E99-A8BC-57A9CD6FF1BA}.Release|Any CPU.Build.0 = Release|Any CPU
		{1D3DB366-5E32-4E99-A8BC-57A9CD6FF1BA}.Release|x64.ActiveCfg = Release|Any CPU
		{1D3DB366-5E32-4E99-A8BC-57A9CD6FF1BA}.Release|x64.Build.0 = Release|Any CPU
		{1D3DB366-5E32-4E99-A8BC-57A9CD6FF1BA}.Release|x86.ActiveCfg = Release|Any CPU
		{1D3DB366-5E32-4E99-A8BC-57A9CD6FF1BA}.Release|x86.Build.0 = Release|Any CPU
		{A04EDCF5-4BA9-4D07-B9BE-FA5E8B4AD8CD}.Debug|Any CPU.ActiveCfg = Debug|Any CPU
		{A04EDCF5-4BA9-4D07-B9BE-FA5E8B4AD8CD}.Debug|Any CPU.Build.0 = Debug|Any CPU
		{A04EDCF5-4BA9-4D07-B9BE-FA5E8B4AD8CD}.Debug|x64.ActiveCfg = Debug|Any CPU
		{A04EDCF5-4BA9-4D07-B9BE-FA5E8B4AD8CD}.Debug|x64.Build.0 = Debug|Any CPU
		{A04EDCF5-4BA9-4D07-B9BE-FA5E8B4AD8CD}.Debug|x86.ActiveCfg = Debug|Any CPU
		{A04EDCF5-4BA9-4D07-B9BE-FA5E8B4AD8CD}.Debug|x86.Build.0 = Debug|Any CPU
		{A04EDCF5-4BA9-4D07-B9BE-FA5E8B4AD8CD}.Release|Any CPU.ActiveCfg = Release|Any CPU
		{A04EDCF5-4BA9-4D07-B9BE-FA5E8B4AD8CD}.Release|Any CPU.Build.0 = Release|Any CPU
		{A04EDCF5-4BA9-4D07-B9BE-FA5E8B4AD8CD}.Release|x64.ActiveCfg = Release|Any CPU
		{A04EDCF5-4BA9-4D07-B9BE-FA5E8B4AD8CD}.Release|x64.Build.0 = Release|Any CPU
		{A04EDCF5-4BA9-4D07-B9BE-FA5E8B4AD8CD}.Release|x86.ActiveCfg = Release|Any CPU
		{A04EDCF5-4BA9-4D07-B9BE-FA5E8B4AD8CD}.Release|x86.Build.0 = Release|Any CPU
		{42DFC71D-0F27-42E6-9063-ED6FA73D0713}.Debug|Any CPU.ActiveCfg = Debug|Any CPU
		{42DFC71D-0F27-42E6-9063-ED6FA73D0713}.Debug|Any CPU.Build.0 = Debug|Any CPU
		{42DFC71D-0F27-42E6-9063-ED6FA73D0713}.Debug|x64.ActiveCfg = Debug|Any CPU
		{42DFC71D-0F27-42E6-9063-ED6FA73D0713}.Debug|x64.Build.0 = Debug|Any CPU
		{42DFC71D-0F27-42E6-9063-ED6FA73D0713}.Debug|x86.ActiveCfg = Debug|Any CPU
		{42DFC71D-0F27-42E6-9063-ED6FA73D0713}.Debug|x86.Build.0 = Debug|Any CPU
		{42DFC71D-0F27-42E6-9063-ED6FA73D0713}.Release|Any CPU.ActiveCfg = Release|Any CPU
		{42DFC71D-0F27-42E6-9063-ED6FA73D0713}.Release|Any CPU.Build.0 = Release|Any CPU
		{42DFC71D-0F27-42E6-9063-ED6FA73D0713}.Release|x64.ActiveCfg = Release|Any CPU
		{42DFC71D-0F27-42E6-9063-ED6FA73D0713}.Release|x64.Build.0 = Release|Any CPU
		{42DFC71D-0F27-42E6-9063-ED6FA73D0713}.Release|x86.ActiveCfg = Release|Any CPU
		{42DFC71D-0F27-42E6-9063-ED6FA73D0713}.Release|x86.Build.0 = Release|Any CPU
		{2D3056D9-60C1-4164-A3BB-36296A7A1A0D}.Debug|Any CPU.ActiveCfg = Debug|Any CPU
		{2D3056D9-60C1-4164-A3BB-36296A7A1A0D}.Debug|Any CPU.Build.0 = Debug|Any CPU
		{2D3056D9-60C1-4164-A3BB-36296A7A1A0D}.Debug|x64.ActiveCfg = Debug|Any CPU
		{2D3056D9-60C1-4164-A3BB-36296A7A1A0D}.Debug|x64.Build.0 = Debug|Any CPU
		{2D3056D9-60C1-4164-A3BB-36296A7A1A0D}.Debug|x86.ActiveCfg = Debug|Any CPU
		{2D3056D9-60C1-4164-A3BB-36296A7A1A0D}.Debug|x86.Build.0 = Debug|Any CPU
		{2D3056D9-60C1-4164-A3BB-36296A7A1A0D}.Release|Any CPU.ActiveCfg = Release|Any CPU
		{2D3056D9-60C1-4164-A3BB-36296A7A1A0D}.Release|Any CPU.Build.0 = Release|Any CPU
		{2D3056D9-60C1-4164-A3BB-36296A7A1A0D}.Release|x64.ActiveCfg = Release|Any CPU
		{2D3056D9-60C1-4164-A3BB-36296A7A1A0D}.Release|x64.Build.0 = Release|Any CPU
		{2D3056D9-60C1-4164-A3BB-36296A7A1A0D}.Release|x86.ActiveCfg = Release|Any CPU
		{2D3056D9-60C1-4164-A3BB-36296A7A1A0D}.Release|x86.Build.0 = Release|Any CPU
		{BC78FD18-6C78-4360-998D-5CC8FC8B14FB}.Debug|Any CPU.ActiveCfg = Debug|Any CPU
		{BC78FD18-6C78-4360-998D-5CC8FC8B14FB}.Debug|Any CPU.Build.0 = Debug|Any CPU
		{BC78FD18-6C78-4360-998D-5CC8FC8B14FB}.Debug|x64.ActiveCfg = Debug|Any CPU
		{BC78FD18-6C78-4360-998D-5CC8FC8B14FB}.Debug|x64.Build.0 = Debug|Any CPU
		{BC78FD18-6C78-4360-998D-5CC8FC8B14FB}.Debug|x86.ActiveCfg = Debug|Any CPU
		{BC78FD18-6C78-4360-998D-5CC8FC8B14FB}.Debug|x86.Build.0 = Debug|Any CPU
		{BC78FD18-6C78-4360-998D-5CC8FC8B14FB}.Release|Any CPU.ActiveCfg = Release|Any CPU
		{BC78FD18-6C78-4360-998D-5CC8FC8B14FB}.Release|Any CPU.Build.0 = Release|Any CPU
		{BC78FD18-6C78-4360-998D-5CC8FC8B14FB}.Release|x64.ActiveCfg = Release|Any CPU
		{BC78FD18-6C78-4360-998D-5CC8FC8B14FB}.Release|x64.Build.0 = Release|Any CPU
		{BC78FD18-6C78-4360-998D-5CC8FC8B14FB}.Release|x86.ActiveCfg = Release|Any CPU
		{BC78FD18-6C78-4360-998D-5CC8FC8B14FB}.Release|x86.Build.0 = Release|Any CPU
		{382B85A1-1047-4CB8-AFA9-6DDD51AD76DA}.Debug|Any CPU.ActiveCfg = Debug|Any CPU
		{382B85A1-1047-4CB8-AFA9-6DDD51AD76DA}.Debug|Any CPU.Build.0 = Debug|Any CPU
		{382B85A1-1047-4CB8-AFA9-6DDD51AD76DA}.Debug|x64.ActiveCfg = Debug|Any CPU
		{382B85A1-1047-4CB8-AFA9-6DDD51AD76DA}.Debug|x64.Build.0 = Debug|Any CPU
		{382B85A1-1047-4CB8-AFA9-6DDD51AD76DA}.Debug|x86.ActiveCfg = Debug|Any CPU
		{382B85A1-1047-4CB8-AFA9-6DDD51AD76DA}.Debug|x86.Build.0 = Debug|Any CPU
		{382B85A1-1047-4CB8-AFA9-6DDD51AD76DA}.Release|Any CPU.ActiveCfg = Release|Any CPU
		{382B85A1-1047-4CB8-AFA9-6DDD51AD76DA}.Release|Any CPU.Build.0 = Release|Any CPU
		{382B85A1-1047-4CB8-AFA9-6DDD51AD76DA}.Release|x64.ActiveCfg = Release|Any CPU
		{382B85A1-1047-4CB8-AFA9-6DDD51AD76DA}.Release|x64.Build.0 = Release|Any CPU
		{382B85A1-1047-4CB8-AFA9-6DDD51AD76DA}.Release|x86.ActiveCfg = Release|Any CPU
		{382B85A1-1047-4CB8-AFA9-6DDD51AD76DA}.Release|x86.Build.0 = Release|Any CPU
		{9B9595F6-317C-4A4E-BC5F-27C855687BBB}.Debug|Any CPU.ActiveCfg = Debug|Any CPU
		{9B9595F6-317C-4A4E-BC5F-27C855687BBB}.Debug|Any CPU.Build.0 = Debug|Any CPU
		{9B9595F6-317C-4A4E-BC5F-27C855687BBB}.Debug|x64.ActiveCfg = Debug|Any CPU
		{9B9595F6-317C-4A4E-BC5F-27C855687BBB}.Debug|x64.Build.0 = Debug|Any CPU
		{9B9595F6-317C-4A4E-BC5F-27C855687BBB}.Debug|x86.ActiveCfg = Debug|Any CPU
		{9B9595F6-317C-4A4E-BC5F-27C855687BBB}.Debug|x86.Build.0 = Debug|Any CPU
		{9B9595F6-317C-4A4E-BC5F-27C855687BBB}.Release|Any CPU.ActiveCfg = Release|Any CPU
		{9B9595F6-317C-4A4E-BC5F-27C855687BBB}.Release|Any CPU.Build.0 = Release|Any CPU
		{9B9595F6-317C-4A4E-BC5F-27C855687BBB}.Release|x64.ActiveCfg = Release|Any CPU
		{9B9595F6-317C-4A4E-BC5F-27C855687BBB}.Release|x64.Build.0 = Release|Any CPU
		{9B9595F6-317C-4A4E-BC5F-27C855687BBB}.Release|x86.ActiveCfg = Release|Any CPU
		{9B9595F6-317C-4A4E-BC5F-27C855687BBB}.Release|x86.Build.0 = Release|Any CPU
		{A57CF3B3-CA6B-4B41-8037-C8539CAC0AF3}.Debug|Any CPU.ActiveCfg = Debug|Any CPU
		{A57CF3B3-CA6B-4B41-8037-C8539CAC0AF3}.Debug|Any CPU.Build.0 = Debug|Any CPU
		{A57CF3B3-CA6B-4B41-8037-C8539CAC0AF3}.Debug|x64.ActiveCfg = Debug|Any CPU
		{A57CF3B3-CA6B-4B41-8037-C8539CAC0AF3}.Debug|x64.Build.0 = Debug|Any CPU
		{A57CF3B3-CA6B-4B41-8037-C8539CAC0AF3}.Debug|x86.ActiveCfg = Debug|Any CPU
		{A57CF3B3-CA6B-4B41-8037-C8539CAC0AF3}.Debug|x86.Build.0 = Debug|Any CPU
		{A57CF3B3-CA6B-4B41-8037-C8539CAC0AF3}.Release|Any CPU.ActiveCfg = Release|Any CPU
		{A57CF3B3-CA6B-4B41-8037-C8539CAC0AF3}.Release|Any CPU.Build.0 = Release|Any CPU
		{A57CF3B3-CA6B-4B41-8037-C8539CAC0AF3}.Release|x64.ActiveCfg = Release|Any CPU
		{A57CF3B3-CA6B-4B41-8037-C8539CAC0AF3}.Release|x64.Build.0 = Release|Any CPU
		{A57CF3B3-CA6B-4B41-8037-C8539CAC0AF3}.Release|x86.ActiveCfg = Release|Any CPU
		{A57CF3B3-CA6B-4B41-8037-C8539CAC0AF3}.Release|x86.Build.0 = Release|Any CPU
		{6FECE365-183E-4096-AEC4-F3D07D4A235E}.Debug|Any CPU.ActiveCfg = Debug|Any CPU
		{6FECE365-183E-4096-AEC4-F3D07D4A235E}.Debug|Any CPU.Build.0 = Debug|Any CPU
		{6FECE365-183E-4096-AEC4-F3D07D4A235E}.Debug|x64.ActiveCfg = Debug|Any CPU
		{6FECE365-183E-4096-AEC4-F3D07D4A235E}.Debug|x64.Build.0 = Debug|Any CPU
		{6FECE365-183E-4096-AEC4-F3D07D4A235E}.Debug|x86.ActiveCfg = Debug|Any CPU
		{6FECE365-183E-4096-AEC4-F3D07D4A235E}.Debug|x86.Build.0 = Debug|Any CPU
		{6FECE365-183E-4096-AEC4-F3D07D4A235E}.Release|Any CPU.ActiveCfg = Release|Any CPU
		{6FECE365-183E-4096-AEC4-F3D07D4A235E}.Release|Any CPU.Build.0 = Release|Any CPU
		{6FECE365-183E-4096-AEC4-F3D07D4A235E}.Release|x64.ActiveCfg = Release|Any CPU
		{6FECE365-183E-4096-AEC4-F3D07D4A235E}.Release|x64.Build.0 = Release|Any CPU
		{6FECE365-183E-4096-AEC4-F3D07D4A235E}.Release|x86.ActiveCfg = Release|Any CPU
		{6FECE365-183E-4096-AEC4-F3D07D4A235E}.Release|x86.Build.0 = Release|Any CPU
		{A8DF959E-3DFC-4889-B262-5F16867DACF0}.Debug|Any CPU.ActiveCfg = Debug|Any CPU
		{A8DF959E-3DFC-4889-B262-5F16867DACF0}.Debug|Any CPU.Build.0 = Debug|Any CPU
		{A8DF959E-3DFC-4889-B262-5F16867DACF0}.Debug|x64.ActiveCfg = Debug|Any CPU
		{A8DF959E-3DFC-4889-B262-5F16867DACF0}.Debug|x64.Build.0 = Debug|Any CPU
		{A8DF959E-3DFC-4889-B262-5F16867DACF0}.Debug|x86.ActiveCfg = Debug|Any CPU
		{A8DF959E-3DFC-4889-B262-5F16867DACF0}.Debug|x86.Build.0 = Debug|Any CPU
		{A8DF959E-3DFC-4889-B262-5F16867DACF0}.Release|Any CPU.ActiveCfg = Release|Any CPU
		{A8DF959E-3DFC-4889-B262-5F16867DACF0}.Release|Any CPU.Build.0 = Release|Any CPU
		{A8DF959E-3DFC-4889-B262-5F16867DACF0}.Release|x64.ActiveCfg = Release|Any CPU
		{A8DF959E-3DFC-4889-B262-5F16867DACF0}.Release|x64.Build.0 = Release|Any CPU
		{A8DF959E-3DFC-4889-B262-5F16867DACF0}.Release|x86.ActiveCfg = Release|Any CPU
		{A8DF959E-3DFC-4889-B262-5F16867DACF0}.Release|x86.Build.0 = Release|Any CPU
		{33E2849B-5A86-4B7B-862B-D6933E7EEF8A}.Debug|Any CPU.ActiveCfg = Debug|Any CPU
		{33E2849B-5A86-4B7B-862B-D6933E7EEF8A}.Debug|Any CPU.Build.0 = Debug|Any CPU
		{33E2849B-5A86-4B7B-862B-D6933E7EEF8A}.Debug|x64.ActiveCfg = Debug|Any CPU
		{33E2849B-5A86-4B7B-862B-D6933E7EEF8A}.Debug|x64.Build.0 = Debug|Any CPU
		{33E2849B-5A86-4B7B-862B-D6933E7EEF8A}.Debug|x86.ActiveCfg = Debug|Any CPU
		{33E2849B-5A86-4B7B-862B-D6933E7EEF8A}.Debug|x86.Build.0 = Debug|Any CPU
		{33E2849B-5A86-4B7B-862B-D6933E7EEF8A}.Release|Any CPU.ActiveCfg = Release|Any CPU
		{33E2849B-5A86-4B7B-862B-D6933E7EEF8A}.Release|Any CPU.Build.0 = Release|Any CPU
		{33E2849B-5A86-4B7B-862B-D6933E7EEF8A}.Release|x64.ActiveCfg = Release|Any CPU
		{33E2849B-5A86-4B7B-862B-D6933E7EEF8A}.Release|x64.Build.0 = Release|Any CPU
		{33E2849B-5A86-4B7B-862B-D6933E7EEF8A}.Release|x86.ActiveCfg = Release|Any CPU
		{33E2849B-5A86-4B7B-862B-D6933E7EEF8A}.Release|x86.Build.0 = Release|Any CPU
		{7B2E3870-DA0B-47F5-BAB0-B3A06F801782}.Debug|Any CPU.ActiveCfg = Debug|Any CPU
		{7B2E3870-DA0B-47F5-BAB0-B3A06F801782}.Debug|Any CPU.Build.0 = Debug|Any CPU
		{7B2E3870-DA0B-47F5-BAB0-B3A06F801782}.Debug|x64.ActiveCfg = Debug|Any CPU
		{7B2E3870-DA0B-47F5-BAB0-B3A06F801782}.Debug|x64.Build.0 = Debug|Any CPU
		{7B2E3870-DA0B-47F5-BAB0-B3A06F801782}.Debug|x86.ActiveCfg = Debug|Any CPU
		{7B2E3870-DA0B-47F5-BAB0-B3A06F801782}.Debug|x86.Build.0 = Debug|Any CPU
		{7B2E3870-DA0B-47F5-BAB0-B3A06F801782}.Release|Any CPU.ActiveCfg = Release|Any CPU
		{7B2E3870-DA0B-47F5-BAB0-B3A06F801782}.Release|Any CPU.Build.0 = Release|Any CPU
		{7B2E3870-DA0B-47F5-BAB0-B3A06F801782}.Release|x64.ActiveCfg = Release|Any CPU
		{7B2E3870-DA0B-47F5-BAB0-B3A06F801782}.Release|x64.Build.0 = Release|Any CPU
		{7B2E3870-DA0B-47F5-BAB0-B3A06F801782}.Release|x86.ActiveCfg = Release|Any CPU
		{7B2E3870-DA0B-47F5-BAB0-B3A06F801782}.Release|x86.Build.0 = Release|Any CPU
		{5902C772-E515-4C6D-B079-F9630A613E78}.Debug|Any CPU.ActiveCfg = Debug|Any CPU
		{5902C772-E515-4C6D-B079-F9630A613E78}.Debug|Any CPU.Build.0 = Debug|Any CPU
		{5902C772-E515-4C6D-B079-F9630A613E78}.Debug|x64.ActiveCfg = Debug|Any CPU
		{5902C772-E515-4C6D-B079-F9630A613E78}.Debug|x64.Build.0 = Debug|Any CPU
		{5902C772-E515-4C6D-B079-F9630A613E78}.Debug|x86.ActiveCfg = Debug|Any CPU
		{5902C772-E515-4C6D-B079-F9630A613E78}.Debug|x86.Build.0 = Debug|Any CPU
		{5902C772-E515-4C6D-B079-F9630A613E78}.Release|Any CPU.ActiveCfg = Release|Any CPU
		{5902C772-E515-4C6D-B079-F9630A613E78}.Release|Any CPU.Build.0 = Release|Any CPU
		{5902C772-E515-4C6D-B079-F9630A613E78}.Release|x64.ActiveCfg = Release|Any CPU
		{5902C772-E515-4C6D-B079-F9630A613E78}.Release|x64.Build.0 = Release|Any CPU
		{5902C772-E515-4C6D-B079-F9630A613E78}.Release|x86.ActiveCfg = Release|Any CPU
		{5902C772-E515-4C6D-B079-F9630A613E78}.Release|x86.Build.0 = Release|Any CPU
		{8FAC6C1F-B715-4E6F-A85D-29E0B5168D6B}.Debug|Any CPU.ActiveCfg = Debug|Any CPU
		{8FAC6C1F-B715-4E6F-A85D-29E0B5168D6B}.Debug|Any CPU.Build.0 = Debug|Any CPU
		{8FAC6C1F-B715-4E6F-A85D-29E0B5168D6B}.Debug|x64.ActiveCfg = Debug|Any CPU
		{8FAC6C1F-B715-4E6F-A85D-29E0B5168D6B}.Debug|x64.Build.0 = Debug|Any CPU
		{8FAC6C1F-B715-4E6F-A85D-29E0B5168D6B}.Debug|x86.ActiveCfg = Debug|Any CPU
		{8FAC6C1F-B715-4E6F-A85D-29E0B5168D6B}.Debug|x86.Build.0 = Debug|Any CPU
		{8FAC6C1F-B715-4E6F-A85D-29E0B5168D6B}.Release|Any CPU.ActiveCfg = Release|Any CPU
		{8FAC6C1F-B715-4E6F-A85D-29E0B5168D6B}.Release|Any CPU.Build.0 = Release|Any CPU
		{8FAC6C1F-B715-4E6F-A85D-29E0B5168D6B}.Release|x64.ActiveCfg = Release|Any CPU
		{8FAC6C1F-B715-4E6F-A85D-29E0B5168D6B}.Release|x64.Build.0 = Release|Any CPU
		{8FAC6C1F-B715-4E6F-A85D-29E0B5168D6B}.Release|x86.ActiveCfg = Release|Any CPU
		{8FAC6C1F-B715-4E6F-A85D-29E0B5168D6B}.Release|x86.Build.0 = Release|Any CPU
		{1912273E-F0C8-4733-9F84-B820732BDBCE}.Debug|Any CPU.ActiveCfg = Debug|Any CPU
		{1912273E-F0C8-4733-9F84-B820732BDBCE}.Debug|Any CPU.Build.0 = Debug|Any CPU
		{1912273E-F0C8-4733-9F84-B820732BDBCE}.Debug|x64.ActiveCfg = Debug|Any CPU
		{1912273E-F0C8-4733-9F84-B820732BDBCE}.Debug|x64.Build.0 = Debug|Any CPU
		{1912273E-F0C8-4733-9F84-B820732BDBCE}.Debug|x86.ActiveCfg = Debug|Any CPU
		{1912273E-F0C8-4733-9F84-B820732BDBCE}.Debug|x86.Build.0 = Debug|Any CPU
		{1912273E-F0C8-4733-9F84-B820732BDBCE}.Release|Any CPU.ActiveCfg = Release|Any CPU
		{1912273E-F0C8-4733-9F84-B820732BDBCE}.Release|Any CPU.Build.0 = Release|Any CPU
		{1912273E-F0C8-4733-9F84-B820732BDBCE}.Release|x64.ActiveCfg = Release|Any CPU
		{1912273E-F0C8-4733-9F84-B820732BDBCE}.Release|x64.Build.0 = Release|Any CPU
		{1912273E-F0C8-4733-9F84-B820732BDBCE}.Release|x86.ActiveCfg = Release|Any CPU
		{1912273E-F0C8-4733-9F84-B820732BDBCE}.Release|x86.Build.0 = Release|Any CPU
		{BFBCE0C3-B7E2-4525-8672-FE94F26BFFDA}.Debug|Any CPU.ActiveCfg = Debug|Any CPU
		{BFBCE0C3-B7E2-4525-8672-FE94F26BFFDA}.Debug|Any CPU.Build.0 = Debug|Any CPU
		{BFBCE0C3-B7E2-4525-8672-FE94F26BFFDA}.Debug|x64.ActiveCfg = Debug|Any CPU
		{BFBCE0C3-B7E2-4525-8672-FE94F26BFFDA}.Debug|x64.Build.0 = Debug|Any CPU
		{BFBCE0C3-B7E2-4525-8672-FE94F26BFFDA}.Debug|x86.ActiveCfg = Debug|Any CPU
		{BFBCE0C3-B7E2-4525-8672-FE94F26BFFDA}.Debug|x86.Build.0 = Debug|Any CPU
		{BFBCE0C3-B7E2-4525-8672-FE94F26BFFDA}.Release|Any CPU.ActiveCfg = Release|Any CPU
		{BFBCE0C3-B7E2-4525-8672-FE94F26BFFDA}.Release|Any CPU.Build.0 = Release|Any CPU
		{BFBCE0C3-B7E2-4525-8672-FE94F26BFFDA}.Release|x64.ActiveCfg = Release|Any CPU
		{BFBCE0C3-B7E2-4525-8672-FE94F26BFFDA}.Release|x64.Build.0 = Release|Any CPU
		{BFBCE0C3-B7E2-4525-8672-FE94F26BFFDA}.Release|x86.ActiveCfg = Release|Any CPU
		{BFBCE0C3-B7E2-4525-8672-FE94F26BFFDA}.Release|x86.Build.0 = Release|Any CPU
		{745B6FE9-886C-4089-A49A-5DEAAC12C985}.Debug|Any CPU.ActiveCfg = Debug|Any CPU
		{745B6FE9-886C-4089-A49A-5DEAAC12C985}.Debug|Any CPU.Build.0 = Debug|Any CPU
		{745B6FE9-886C-4089-A49A-5DEAAC12C985}.Debug|x64.ActiveCfg = Debug|Any CPU
		{745B6FE9-886C-4089-A49A-5DEAAC12C985}.Debug|x64.Build.0 = Debug|Any CPU
		{745B6FE9-886C-4089-A49A-5DEAAC12C985}.Debug|x86.ActiveCfg = Debug|Any CPU
		{745B6FE9-886C-4089-A49A-5DEAAC12C985}.Debug|x86.Build.0 = Debug|Any CPU
		{745B6FE9-886C-4089-A49A-5DEAAC12C985}.Release|Any CPU.ActiveCfg = Release|Any CPU
		{745B6FE9-886C-4089-A49A-5DEAAC12C985}.Release|Any CPU.Build.0 = Release|Any CPU
		{745B6FE9-886C-4089-A49A-5DEAAC12C985}.Release|x64.ActiveCfg = Release|Any CPU
		{745B6FE9-886C-4089-A49A-5DEAAC12C985}.Release|x64.Build.0 = Release|Any CPU
		{745B6FE9-886C-4089-A49A-5DEAAC12C985}.Release|x86.ActiveCfg = Release|Any CPU
		{745B6FE9-886C-4089-A49A-5DEAAC12C985}.Release|x86.Build.0 = Release|Any CPU
		{73943B1B-BED6-47A1-AC03-40F813A4D447}.Debug|Any CPU.ActiveCfg = Debug|Any CPU
		{73943B1B-BED6-47A1-AC03-40F813A4D447}.Debug|Any CPU.Build.0 = Debug|Any CPU
		{73943B1B-BED6-47A1-AC03-40F813A4D447}.Debug|x64.ActiveCfg = Debug|Any CPU
		{73943B1B-BED6-47A1-AC03-40F813A4D447}.Debug|x64.Build.0 = Debug|Any CPU
		{73943B1B-BED6-47A1-AC03-40F813A4D447}.Debug|x86.ActiveCfg = Debug|Any CPU
		{73943B1B-BED6-47A1-AC03-40F813A4D447}.Debug|x86.Build.0 = Debug|Any CPU
		{73943B1B-BED6-47A1-AC03-40F813A4D447}.Release|Any CPU.ActiveCfg = Release|Any CPU
		{73943B1B-BED6-47A1-AC03-40F813A4D447}.Release|Any CPU.Build.0 = Release|Any CPU
		{73943B1B-BED6-47A1-AC03-40F813A4D447}.Release|x64.ActiveCfg = Release|Any CPU
		{73943B1B-BED6-47A1-AC03-40F813A4D447}.Release|x64.Build.0 = Release|Any CPU
		{73943B1B-BED6-47A1-AC03-40F813A4D447}.Release|x86.ActiveCfg = Release|Any CPU
		{73943B1B-BED6-47A1-AC03-40F813A4D447}.Release|x86.Build.0 = Release|Any CPU
		{A604EDCB-9250-45C0-B310-FA20890D55E0}.Debug|Any CPU.ActiveCfg = Debug|Any CPU
		{A604EDCB-9250-45C0-B310-FA20890D55E0}.Debug|Any CPU.Build.0 = Debug|Any CPU
		{A604EDCB-9250-45C0-B310-FA20890D55E0}.Debug|x64.ActiveCfg = Debug|Any CPU
		{A604EDCB-9250-45C0-B310-FA20890D55E0}.Debug|x64.Build.0 = Debug|Any CPU
		{A604EDCB-9250-45C0-B310-FA20890D55E0}.Debug|x86.ActiveCfg = Debug|Any CPU
		{A604EDCB-9250-45C0-B310-FA20890D55E0}.Debug|x86.Build.0 = Debug|Any CPU
		{A604EDCB-9250-45C0-B310-FA20890D55E0}.Release|Any CPU.ActiveCfg = Release|Any CPU
		{A604EDCB-9250-45C0-B310-FA20890D55E0}.Release|Any CPU.Build.0 = Release|Any CPU
		{A604EDCB-9250-45C0-B310-FA20890D55E0}.Release|x64.ActiveCfg = Release|Any CPU
		{A604EDCB-9250-45C0-B310-FA20890D55E0}.Release|x64.Build.0 = Release|Any CPU
		{A604EDCB-9250-45C0-B310-FA20890D55E0}.Release|x86.ActiveCfg = Release|Any CPU
		{A604EDCB-9250-45C0-B310-FA20890D55E0}.Release|x86.Build.0 = Release|Any CPU
		{F1FB47EB-DF6C-4CB8-B759-78EC4C2E9E42}.Debug|Any CPU.ActiveCfg = Debug|Any CPU
		{F1FB47EB-DF6C-4CB8-B759-78EC4C2E9E42}.Debug|Any CPU.Build.0 = Debug|Any CPU
		{F1FB47EB-DF6C-4CB8-B759-78EC4C2E9E42}.Debug|x64.ActiveCfg = Debug|Any CPU
		{F1FB47EB-DF6C-4CB8-B759-78EC4C2E9E42}.Debug|x64.Build.0 = Debug|Any CPU
		{F1FB47EB-DF6C-4CB8-B759-78EC4C2E9E42}.Debug|x86.ActiveCfg = Debug|Any CPU
		{F1FB47EB-DF6C-4CB8-B759-78EC4C2E9E42}.Debug|x86.Build.0 = Debug|Any CPU
		{F1FB47EB-DF6C-4CB8-B759-78EC4C2E9E42}.Release|Any CPU.ActiveCfg = Release|Any CPU
		{F1FB47EB-DF6C-4CB8-B759-78EC4C2E9E42}.Release|Any CPU.Build.0 = Release|Any CPU
		{F1FB47EB-DF6C-4CB8-B759-78EC4C2E9E42}.Release|x64.ActiveCfg = Release|Any CPU
		{F1FB47EB-DF6C-4CB8-B759-78EC4C2E9E42}.Release|x64.Build.0 = Release|Any CPU
		{F1FB47EB-DF6C-4CB8-B759-78EC4C2E9E42}.Release|x86.ActiveCfg = Release|Any CPU
		{F1FB47EB-DF6C-4CB8-B759-78EC4C2E9E42}.Release|x86.Build.0 = Release|Any CPU
		{4EDB4C2F-4CA1-4B2E-8319-D044B47E6C5A}.Debug|Any CPU.ActiveCfg = Debug|Any CPU
		{4EDB4C2F-4CA1-4B2E-8319-D044B47E6C5A}.Debug|Any CPU.Build.0 = Debug|Any CPU
		{4EDB4C2F-4CA1-4B2E-8319-D044B47E6C5A}.Debug|x64.ActiveCfg = Debug|Any CPU
		{4EDB4C2F-4CA1-4B2E-8319-D044B47E6C5A}.Debug|x64.Build.0 = Debug|Any CPU
		{4EDB4C2F-4CA1-4B2E-8319-D044B47E6C5A}.Debug|x86.ActiveCfg = Debug|Any CPU
		{4EDB4C2F-4CA1-4B2E-8319-D044B47E6C5A}.Debug|x86.Build.0 = Debug|Any CPU
		{4EDB4C2F-4CA1-4B2E-8319-D044B47E6C5A}.Release|Any CPU.ActiveCfg = Release|Any CPU
		{4EDB4C2F-4CA1-4B2E-8319-D044B47E6C5A}.Release|Any CPU.Build.0 = Release|Any CPU
		{4EDB4C2F-4CA1-4B2E-8319-D044B47E6C5A}.Release|x64.ActiveCfg = Release|Any CPU
		{4EDB4C2F-4CA1-4B2E-8319-D044B47E6C5A}.Release|x64.Build.0 = Release|Any CPU
		{4EDB4C2F-4CA1-4B2E-8319-D044B47E6C5A}.Release|x86.ActiveCfg = Release|Any CPU
		{4EDB4C2F-4CA1-4B2E-8319-D044B47E6C5A}.Release|x86.Build.0 = Release|Any CPU
		{39564FAE-0FB4-4E7C-9BE5-FA23FBB1D687}.Debug|Any CPU.ActiveCfg = Debug|Any CPU
		{39564FAE-0FB4-4E7C-9BE5-FA23FBB1D687}.Debug|Any CPU.Build.0 = Debug|Any CPU
		{39564FAE-0FB4-4E7C-9BE5-FA23FBB1D687}.Debug|x64.ActiveCfg = Debug|Any CPU
		{39564FAE-0FB4-4E7C-9BE5-FA23FBB1D687}.Debug|x64.Build.0 = Debug|Any CPU
		{39564FAE-0FB4-4E7C-9BE5-FA23FBB1D687}.Debug|x86.ActiveCfg = Debug|Any CPU
		{39564FAE-0FB4-4E7C-9BE5-FA23FBB1D687}.Debug|x86.Build.0 = Debug|Any CPU
		{39564FAE-0FB4-4E7C-9BE5-FA23FBB1D687}.Release|Any CPU.ActiveCfg = Release|Any CPU
		{39564FAE-0FB4-4E7C-9BE5-FA23FBB1D687}.Release|Any CPU.Build.0 = Release|Any CPU
		{39564FAE-0FB4-4E7C-9BE5-FA23FBB1D687}.Release|x64.ActiveCfg = Release|Any CPU
		{39564FAE-0FB4-4E7C-9BE5-FA23FBB1D687}.Release|x64.Build.0 = Release|Any CPU
		{39564FAE-0FB4-4E7C-9BE5-FA23FBB1D687}.Release|x86.ActiveCfg = Release|Any CPU
		{39564FAE-0FB4-4E7C-9BE5-FA23FBB1D687}.Release|x86.Build.0 = Release|Any CPU
		{36D19CF6-573F-4841-81B5-AFC05A12DFB0}.Debug|Any CPU.ActiveCfg = Debug|Any CPU
		{36D19CF6-573F-4841-81B5-AFC05A12DFB0}.Debug|Any CPU.Build.0 = Debug|Any CPU
		{36D19CF6-573F-4841-81B5-AFC05A12DFB0}.Debug|x64.ActiveCfg = Debug|Any CPU
		{36D19CF6-573F-4841-81B5-AFC05A12DFB0}.Debug|x64.Build.0 = Debug|Any CPU
		{36D19CF6-573F-4841-81B5-AFC05A12DFB0}.Debug|x86.ActiveCfg = Debug|Any CPU
		{36D19CF6-573F-4841-81B5-AFC05A12DFB0}.Debug|x86.Build.0 = Debug|Any CPU
		{36D19CF6-573F-4841-81B5-AFC05A12DFB0}.Release|Any CPU.ActiveCfg = Release|Any CPU
		{36D19CF6-573F-4841-81B5-AFC05A12DFB0}.Release|Any CPU.Build.0 = Release|Any CPU
		{36D19CF6-573F-4841-81B5-AFC05A12DFB0}.Release|x64.ActiveCfg = Release|Any CPU
		{36D19CF6-573F-4841-81B5-AFC05A12DFB0}.Release|x64.Build.0 = Release|Any CPU
		{36D19CF6-573F-4841-81B5-AFC05A12DFB0}.Release|x86.ActiveCfg = Release|Any CPU
		{36D19CF6-573F-4841-81B5-AFC05A12DFB0}.Release|x86.Build.0 = Release|Any CPU
		{DCE3C65F-D935-494A-A9C7-3115A307906C}.Debug|Any CPU.ActiveCfg = Debug|Any CPU
		{DCE3C65F-D935-494A-A9C7-3115A307906C}.Debug|Any CPU.Build.0 = Debug|Any CPU
		{DCE3C65F-D935-494A-A9C7-3115A307906C}.Debug|x64.ActiveCfg = Debug|Any CPU
		{DCE3C65F-D935-494A-A9C7-3115A307906C}.Debug|x64.Build.0 = Debug|Any CPU
		{DCE3C65F-D935-494A-A9C7-3115A307906C}.Debug|x86.ActiveCfg = Debug|Any CPU
		{DCE3C65F-D935-494A-A9C7-3115A307906C}.Debug|x86.Build.0 = Debug|Any CPU
		{DCE3C65F-D935-494A-A9C7-3115A307906C}.Release|Any CPU.ActiveCfg = Release|Any CPU
		{DCE3C65F-D935-494A-A9C7-3115A307906C}.Release|Any CPU.Build.0 = Release|Any CPU
		{DCE3C65F-D935-494A-A9C7-3115A307906C}.Release|x64.ActiveCfg = Release|Any CPU
		{DCE3C65F-D935-494A-A9C7-3115A307906C}.Release|x64.Build.0 = Release|Any CPU
		{DCE3C65F-D935-494A-A9C7-3115A307906C}.Release|x86.ActiveCfg = Release|Any CPU
		{DCE3C65F-D935-494A-A9C7-3115A307906C}.Release|x86.Build.0 = Release|Any CPU
		{578A20C7-4D7F-4D80-8875-6806F80ECA12}.Debug|Any CPU.ActiveCfg = Debug|Any CPU
		{578A20C7-4D7F-4D80-8875-6806F80ECA12}.Debug|Any CPU.Build.0 = Debug|Any CPU
		{578A20C7-4D7F-4D80-8875-6806F80ECA12}.Debug|x64.ActiveCfg = Debug|Any CPU
		{578A20C7-4D7F-4D80-8875-6806F80ECA12}.Debug|x64.Build.0 = Debug|Any CPU
		{578A20C7-4D7F-4D80-8875-6806F80ECA12}.Debug|x86.ActiveCfg = Debug|Any CPU
		{578A20C7-4D7F-4D80-8875-6806F80ECA12}.Debug|x86.Build.0 = Debug|Any CPU
		{578A20C7-4D7F-4D80-8875-6806F80ECA12}.Release|Any CPU.ActiveCfg = Release|Any CPU
		{578A20C7-4D7F-4D80-8875-6806F80ECA12}.Release|Any CPU.Build.0 = Release|Any CPU
		{578A20C7-4D7F-4D80-8875-6806F80ECA12}.Release|x64.ActiveCfg = Release|Any CPU
		{578A20C7-4D7F-4D80-8875-6806F80ECA12}.Release|x64.Build.0 = Release|Any CPU
		{578A20C7-4D7F-4D80-8875-6806F80ECA12}.Release|x86.ActiveCfg = Release|Any CPU
		{578A20C7-4D7F-4D80-8875-6806F80ECA12}.Release|x86.Build.0 = Release|Any CPU
		{C833396B-FC0D-43DE-97A5-E3D8D28C5C50}.Debug|Any CPU.ActiveCfg = Debug|Any CPU
		{C833396B-FC0D-43DE-97A5-E3D8D28C5C50}.Debug|Any CPU.Build.0 = Debug|Any CPU
		{C833396B-FC0D-43DE-97A5-E3D8D28C5C50}.Debug|x64.ActiveCfg = Debug|Any CPU
		{C833396B-FC0D-43DE-97A5-E3D8D28C5C50}.Debug|x64.Build.0 = Debug|Any CPU
		{C833396B-FC0D-43DE-97A5-E3D8D28C5C50}.Debug|x86.ActiveCfg = Debug|Any CPU
		{C833396B-FC0D-43DE-97A5-E3D8D28C5C50}.Debug|x86.Build.0 = Debug|Any CPU
		{C833396B-FC0D-43DE-97A5-E3D8D28C5C50}.Release|Any CPU.ActiveCfg = Release|Any CPU
		{C833396B-FC0D-43DE-97A5-E3D8D28C5C50}.Release|Any CPU.Build.0 = Release|Any CPU
		{C833396B-FC0D-43DE-97A5-E3D8D28C5C50}.Release|x64.ActiveCfg = Release|Any CPU
		{C833396B-FC0D-43DE-97A5-E3D8D28C5C50}.Release|x64.Build.0 = Release|Any CPU
		{C833396B-FC0D-43DE-97A5-E3D8D28C5C50}.Release|x86.ActiveCfg = Release|Any CPU
		{C833396B-FC0D-43DE-97A5-E3D8D28C5C50}.Release|x86.Build.0 = Release|Any CPU
		{27E2E6CE-4DEE-41E6-8091-E0979F9544AC}.Debug|Any CPU.ActiveCfg = Debug|Any CPU
		{27E2E6CE-4DEE-41E6-8091-E0979F9544AC}.Debug|Any CPU.Build.0 = Debug|Any CPU
		{27E2E6CE-4DEE-41E6-8091-E0979F9544AC}.Debug|x64.ActiveCfg = Debug|Any CPU
		{27E2E6CE-4DEE-41E6-8091-E0979F9544AC}.Debug|x64.Build.0 = Debug|Any CPU
		{27E2E6CE-4DEE-41E6-8091-E0979F9544AC}.Debug|x86.ActiveCfg = Debug|Any CPU
		{27E2E6CE-4DEE-41E6-8091-E0979F9544AC}.Debug|x86.Build.0 = Debug|Any CPU
		{27E2E6CE-4DEE-41E6-8091-E0979F9544AC}.Release|Any CPU.ActiveCfg = Release|Any CPU
		{27E2E6CE-4DEE-41E6-8091-E0979F9544AC}.Release|Any CPU.Build.0 = Release|Any CPU
		{27E2E6CE-4DEE-41E6-8091-E0979F9544AC}.Release|x64.ActiveCfg = Release|Any CPU
		{27E2E6CE-4DEE-41E6-8091-E0979F9544AC}.Release|x64.Build.0 = Release|Any CPU
		{27E2E6CE-4DEE-41E6-8091-E0979F9544AC}.Release|x86.ActiveCfg = Release|Any CPU
		{27E2E6CE-4DEE-41E6-8091-E0979F9544AC}.Release|x86.Build.0 = Release|Any CPU
		{583DA4A4-4172-48FF-A68B-B7C830BC4CEE}.Debug|Any CPU.ActiveCfg = Debug|Any CPU
		{583DA4A4-4172-48FF-A68B-B7C830BC4CEE}.Debug|Any CPU.Build.0 = Debug|Any CPU
		{583DA4A4-4172-48FF-A68B-B7C830BC4CEE}.Debug|x64.ActiveCfg = Debug|Any CPU
		{583DA4A4-4172-48FF-A68B-B7C830BC4CEE}.Debug|x64.Build.0 = Debug|Any CPU
		{583DA4A4-4172-48FF-A68B-B7C830BC4CEE}.Debug|x86.ActiveCfg = Debug|Any CPU
		{583DA4A4-4172-48FF-A68B-B7C830BC4CEE}.Debug|x86.Build.0 = Debug|Any CPU
		{583DA4A4-4172-48FF-A68B-B7C830BC4CEE}.Release|Any CPU.ActiveCfg = Release|Any CPU
		{583DA4A4-4172-48FF-A68B-B7C830BC4CEE}.Release|Any CPU.Build.0 = Release|Any CPU
		{583DA4A4-4172-48FF-A68B-B7C830BC4CEE}.Release|x64.ActiveCfg = Release|Any CPU
		{583DA4A4-4172-48FF-A68B-B7C830BC4CEE}.Release|x64.Build.0 = Release|Any CPU
		{583DA4A4-4172-48FF-A68B-B7C830BC4CEE}.Release|x86.ActiveCfg = Release|Any CPU
		{583DA4A4-4172-48FF-A68B-B7C830BC4CEE}.Release|x86.Build.0 = Release|Any CPU
		{B4B7A222-CAB4-4F13-B267-3A17DA549A62}.Debug|Any CPU.ActiveCfg = Debug|Any CPU
		{B4B7A222-CAB4-4F13-B267-3A17DA549A62}.Debug|Any CPU.Build.0 = Debug|Any CPU
		{B4B7A222-CAB4-4F13-B267-3A17DA549A62}.Debug|x64.ActiveCfg = Debug|Any CPU
		{B4B7A222-CAB4-4F13-B267-3A17DA549A62}.Debug|x64.Build.0 = Debug|Any CPU
		{B4B7A222-CAB4-4F13-B267-3A17DA549A62}.Debug|x86.ActiveCfg = Debug|Any CPU
		{B4B7A222-CAB4-4F13-B267-3A17DA549A62}.Debug|x86.Build.0 = Debug|Any CPU
		{B4B7A222-CAB4-4F13-B267-3A17DA549A62}.Release|Any CPU.ActiveCfg = Release|Any CPU
		{B4B7A222-CAB4-4F13-B267-3A17DA549A62}.Release|Any CPU.Build.0 = Release|Any CPU
		{B4B7A222-CAB4-4F13-B267-3A17DA549A62}.Release|x64.ActiveCfg = Release|Any CPU
		{B4B7A222-CAB4-4F13-B267-3A17DA549A62}.Release|x64.Build.0 = Release|Any CPU
		{B4B7A222-CAB4-4F13-B267-3A17DA549A62}.Release|x86.ActiveCfg = Release|Any CPU
		{B4B7A222-CAB4-4F13-B267-3A17DA549A62}.Release|x86.Build.0 = Release|Any CPU
		{EA1D83B8-A3FB-478F-82F1-1AA44EB0CB96}.Debug|Any CPU.ActiveCfg = Debug|Any CPU
		{EA1D83B8-A3FB-478F-82F1-1AA44EB0CB96}.Debug|Any CPU.Build.0 = Debug|Any CPU
		{EA1D83B8-A3FB-478F-82F1-1AA44EB0CB96}.Debug|x64.ActiveCfg = Debug|Any CPU
		{EA1D83B8-A3FB-478F-82F1-1AA44EB0CB96}.Debug|x64.Build.0 = Debug|Any CPU
		{EA1D83B8-A3FB-478F-82F1-1AA44EB0CB96}.Debug|x86.ActiveCfg = Debug|Any CPU
		{EA1D83B8-A3FB-478F-82F1-1AA44EB0CB96}.Debug|x86.Build.0 = Debug|Any CPU
		{EA1D83B8-A3FB-478F-82F1-1AA44EB0CB96}.Release|Any CPU.ActiveCfg = Release|Any CPU
		{EA1D83B8-A3FB-478F-82F1-1AA44EB0CB96}.Release|Any CPU.Build.0 = Release|Any CPU
		{EA1D83B8-A3FB-478F-82F1-1AA44EB0CB96}.Release|x64.ActiveCfg = Release|Any CPU
		{EA1D83B8-A3FB-478F-82F1-1AA44EB0CB96}.Release|x64.Build.0 = Release|Any CPU
		{EA1D83B8-A3FB-478F-82F1-1AA44EB0CB96}.Release|x86.ActiveCfg = Release|Any CPU
		{EA1D83B8-A3FB-478F-82F1-1AA44EB0CB96}.Release|x86.Build.0 = Release|Any CPU
		{81C5DD57-10FE-47B2-A0B5-32D8222168BF}.Debug|Any CPU.ActiveCfg = Debug|Any CPU
		{81C5DD57-10FE-47B2-A0B5-32D8222168BF}.Debug|Any CPU.Build.0 = Debug|Any CPU
		{81C5DD57-10FE-47B2-A0B5-32D8222168BF}.Debug|x64.ActiveCfg = Debug|Any CPU
		{81C5DD57-10FE-47B2-A0B5-32D8222168BF}.Debug|x64.Build.0 = Debug|Any CPU
		{81C5DD57-10FE-47B2-A0B5-32D8222168BF}.Debug|x86.ActiveCfg = Debug|Any CPU
		{81C5DD57-10FE-47B2-A0B5-32D8222168BF}.Debug|x86.Build.0 = Debug|Any CPU
		{81C5DD57-10FE-47B2-A0B5-32D8222168BF}.Release|Any CPU.ActiveCfg = Release|Any CPU
		{81C5DD57-10FE-47B2-A0B5-32D8222168BF}.Release|Any CPU.Build.0 = Release|Any CPU
		{81C5DD57-10FE-47B2-A0B5-32D8222168BF}.Release|x64.ActiveCfg = Release|Any CPU
		{81C5DD57-10FE-47B2-A0B5-32D8222168BF}.Release|x64.Build.0 = Release|Any CPU
		{81C5DD57-10FE-47B2-A0B5-32D8222168BF}.Release|x86.ActiveCfg = Release|Any CPU
		{81C5DD57-10FE-47B2-A0B5-32D8222168BF}.Release|x86.Build.0 = Release|Any CPU
		{C98AE455-9793-4972-BE93-D59F3DAC3468}.Debug|Any CPU.ActiveCfg = Debug|Any CPU
		{C98AE455-9793-4972-BE93-D59F3DAC3468}.Debug|Any CPU.Build.0 = Debug|Any CPU
		{C98AE455-9793-4972-BE93-D59F3DAC3468}.Debug|x64.ActiveCfg = Debug|Any CPU
		{C98AE455-9793-4972-BE93-D59F3DAC3468}.Debug|x64.Build.0 = Debug|Any CPU
		{C98AE455-9793-4972-BE93-D59F3DAC3468}.Debug|x86.ActiveCfg = Debug|Any CPU
		{C98AE455-9793-4972-BE93-D59F3DAC3468}.Debug|x86.Build.0 = Debug|Any CPU
		{C98AE455-9793-4972-BE93-D59F3DAC3468}.Release|Any CPU.ActiveCfg = Release|Any CPU
		{C98AE455-9793-4972-BE93-D59F3DAC3468}.Release|Any CPU.Build.0 = Release|Any CPU
		{C98AE455-9793-4972-BE93-D59F3DAC3468}.Release|x64.ActiveCfg = Release|Any CPU
		{C98AE455-9793-4972-BE93-D59F3DAC3468}.Release|x64.Build.0 = Release|Any CPU
		{C98AE455-9793-4972-BE93-D59F3DAC3468}.Release|x86.ActiveCfg = Release|Any CPU
		{C98AE455-9793-4972-BE93-D59F3DAC3468}.Release|x86.Build.0 = Release|Any CPU
		{0654D6C2-7841-422A-8B2E-668692B307EA}.Debug|Any CPU.ActiveCfg = Debug|Any CPU
		{0654D6C2-7841-422A-8B2E-668692B307EA}.Debug|Any CPU.Build.0 = Debug|Any CPU
		{0654D6C2-7841-422A-8B2E-668692B307EA}.Debug|x64.ActiveCfg = Debug|Any CPU
		{0654D6C2-7841-422A-8B2E-668692B307EA}.Debug|x64.Build.0 = Debug|Any CPU
		{0654D6C2-7841-422A-8B2E-668692B307EA}.Debug|x86.ActiveCfg = Debug|Any CPU
		{0654D6C2-7841-422A-8B2E-668692B307EA}.Debug|x86.Build.0 = Debug|Any CPU
		{0654D6C2-7841-422A-8B2E-668692B307EA}.Release|Any CPU.ActiveCfg = Release|Any CPU
		{0654D6C2-7841-422A-8B2E-668692B307EA}.Release|Any CPU.Build.0 = Release|Any CPU
		{0654D6C2-7841-422A-8B2E-668692B307EA}.Release|x64.ActiveCfg = Release|Any CPU
		{0654D6C2-7841-422A-8B2E-668692B307EA}.Release|x64.Build.0 = Release|Any CPU
		{0654D6C2-7841-422A-8B2E-668692B307EA}.Release|x86.ActiveCfg = Release|Any CPU
		{0654D6C2-7841-422A-8B2E-668692B307EA}.Release|x86.Build.0 = Release|Any CPU
		{97745E0F-B60B-4832-919E-2B5885DCB0FF}.Debug|Any CPU.ActiveCfg = Debug|Any CPU
		{97745E0F-B60B-4832-919E-2B5885DCB0FF}.Debug|Any CPU.Build.0 = Debug|Any CPU
		{97745E0F-B60B-4832-919E-2B5885DCB0FF}.Debug|x64.ActiveCfg = Debug|Any CPU
		{97745E0F-B60B-4832-919E-2B5885DCB0FF}.Debug|x64.Build.0 = Debug|Any CPU
		{97745E0F-B60B-4832-919E-2B5885DCB0FF}.Debug|x86.ActiveCfg = Debug|Any CPU
		{97745E0F-B60B-4832-919E-2B5885DCB0FF}.Debug|x86.Build.0 = Debug|Any CPU
		{97745E0F-B60B-4832-919E-2B5885DCB0FF}.Release|Any CPU.ActiveCfg = Release|Any CPU
		{97745E0F-B60B-4832-919E-2B5885DCB0FF}.Release|Any CPU.Build.0 = Release|Any CPU
		{97745E0F-B60B-4832-919E-2B5885DCB0FF}.Release|x64.ActiveCfg = Release|Any CPU
		{97745E0F-B60B-4832-919E-2B5885DCB0FF}.Release|x64.Build.0 = Release|Any CPU
		{97745E0F-B60B-4832-919E-2B5885DCB0FF}.Release|x86.ActiveCfg = Release|Any CPU
		{97745E0F-B60B-4832-919E-2B5885DCB0FF}.Release|x86.Build.0 = Release|Any CPU
		{18739724-3337-489F-BC65-569FF0A90C0F}.Debug|Any CPU.ActiveCfg = Debug|Any CPU
		{18739724-3337-489F-BC65-569FF0A90C0F}.Debug|Any CPU.Build.0 = Debug|Any CPU
		{18739724-3337-489F-BC65-569FF0A90C0F}.Debug|x64.ActiveCfg = Debug|Any CPU
		{18739724-3337-489F-BC65-569FF0A90C0F}.Debug|x64.Build.0 = Debug|Any CPU
		{18739724-3337-489F-BC65-569FF0A90C0F}.Debug|x86.ActiveCfg = Debug|Any CPU
		{18739724-3337-489F-BC65-569FF0A90C0F}.Debug|x86.Build.0 = Debug|Any CPU
		{18739724-3337-489F-BC65-569FF0A90C0F}.Release|Any CPU.ActiveCfg = Release|Any CPU
		{18739724-3337-489F-BC65-569FF0A90C0F}.Release|Any CPU.Build.0 = Release|Any CPU
		{18739724-3337-489F-BC65-569FF0A90C0F}.Release|x64.ActiveCfg = Release|Any CPU
		{18739724-3337-489F-BC65-569FF0A90C0F}.Release|x64.Build.0 = Release|Any CPU
		{18739724-3337-489F-BC65-569FF0A90C0F}.Release|x86.ActiveCfg = Release|Any CPU
		{18739724-3337-489F-BC65-569FF0A90C0F}.Release|x86.Build.0 = Release|Any CPU
		{A3854526-D324-43DB-B6C2-71B07FFD9656}.Debug|Any CPU.ActiveCfg = Debug|Any CPU
		{A3854526-D324-43DB-B6C2-71B07FFD9656}.Debug|Any CPU.Build.0 = Debug|Any CPU
		{A3854526-D324-43DB-B6C2-71B07FFD9656}.Debug|x64.ActiveCfg = Debug|Any CPU
		{A3854526-D324-43DB-B6C2-71B07FFD9656}.Debug|x64.Build.0 = Debug|Any CPU
		{A3854526-D324-43DB-B6C2-71B07FFD9656}.Debug|x86.ActiveCfg = Debug|Any CPU
		{A3854526-D324-43DB-B6C2-71B07FFD9656}.Debug|x86.Build.0 = Debug|Any CPU
		{A3854526-D324-43DB-B6C2-71B07FFD9656}.Release|Any CPU.ActiveCfg = Release|Any CPU
		{A3854526-D324-43DB-B6C2-71B07FFD9656}.Release|Any CPU.Build.0 = Release|Any CPU
		{A3854526-D324-43DB-B6C2-71B07FFD9656}.Release|x64.ActiveCfg = Release|Any CPU
		{A3854526-D324-43DB-B6C2-71B07FFD9656}.Release|x64.Build.0 = Release|Any CPU
		{A3854526-D324-43DB-B6C2-71B07FFD9656}.Release|x86.ActiveCfg = Release|Any CPU
		{A3854526-D324-43DB-B6C2-71B07FFD9656}.Release|x86.Build.0 = Release|Any CPU
		{3D74AFA6-01BF-45ED-9F2F-01E9C6A80B1A}.Debug|Any CPU.ActiveCfg = Debug|Any CPU
		{3D74AFA6-01BF-45ED-9F2F-01E9C6A80B1A}.Debug|Any CPU.Build.0 = Debug|Any CPU
		{3D74AFA6-01BF-45ED-9F2F-01E9C6A80B1A}.Debug|x64.ActiveCfg = Debug|Any CPU
		{3D74AFA6-01BF-45ED-9F2F-01E9C6A80B1A}.Debug|x64.Build.0 = Debug|Any CPU
		{3D74AFA6-01BF-45ED-9F2F-01E9C6A80B1A}.Debug|x86.ActiveCfg = Debug|Any CPU
		{3D74AFA6-01BF-45ED-9F2F-01E9C6A80B1A}.Debug|x86.Build.0 = Debug|Any CPU
		{3D74AFA6-01BF-45ED-9F2F-01E9C6A80B1A}.Release|Any CPU.ActiveCfg = Release|Any CPU
		{3D74AFA6-01BF-45ED-9F2F-01E9C6A80B1A}.Release|Any CPU.Build.0 = Release|Any CPU
		{3D74AFA6-01BF-45ED-9F2F-01E9C6A80B1A}.Release|x64.ActiveCfg = Release|Any CPU
		{3D74AFA6-01BF-45ED-9F2F-01E9C6A80B1A}.Release|x64.Build.0 = Release|Any CPU
		{3D74AFA6-01BF-45ED-9F2F-01E9C6A80B1A}.Release|x86.ActiveCfg = Release|Any CPU
		{3D74AFA6-01BF-45ED-9F2F-01E9C6A80B1A}.Release|x86.Build.0 = Release|Any CPU
		{DC3543D8-4FBF-4952-B95C-6178A06B7CB5}.Debug|Any CPU.ActiveCfg = Debug|Any CPU
		{DC3543D8-4FBF-4952-B95C-6178A06B7CB5}.Debug|Any CPU.Build.0 = Debug|Any CPU
		{DC3543D8-4FBF-4952-B95C-6178A06B7CB5}.Debug|x64.ActiveCfg = Debug|Any CPU
		{DC3543D8-4FBF-4952-B95C-6178A06B7CB5}.Debug|x64.Build.0 = Debug|Any CPU
		{DC3543D8-4FBF-4952-B95C-6178A06B7CB5}.Debug|x86.ActiveCfg = Debug|Any CPU
		{DC3543D8-4FBF-4952-B95C-6178A06B7CB5}.Debug|x86.Build.0 = Debug|Any CPU
		{DC3543D8-4FBF-4952-B95C-6178A06B7CB5}.Release|Any CPU.ActiveCfg = Release|Any CPU
		{DC3543D8-4FBF-4952-B95C-6178A06B7CB5}.Release|Any CPU.Build.0 = Release|Any CPU
		{DC3543D8-4FBF-4952-B95C-6178A06B7CB5}.Release|x64.ActiveCfg = Release|Any CPU
		{DC3543D8-4FBF-4952-B95C-6178A06B7CB5}.Release|x64.Build.0 = Release|Any CPU
		{DC3543D8-4FBF-4952-B95C-6178A06B7CB5}.Release|x86.ActiveCfg = Release|Any CPU
		{DC3543D8-4FBF-4952-B95C-6178A06B7CB5}.Release|x86.Build.0 = Release|Any CPU
		{BAE92975-0041-4E61-8008-C69CE7B90888}.Debug|Any CPU.ActiveCfg = Debug|Any CPU
		{BAE92975-0041-4E61-8008-C69CE7B90888}.Debug|Any CPU.Build.0 = Debug|Any CPU
		{BAE92975-0041-4E61-8008-C69CE7B90888}.Debug|x64.ActiveCfg = Debug|Any CPU
		{BAE92975-0041-4E61-8008-C69CE7B90888}.Debug|x64.Build.0 = Debug|Any CPU
		{BAE92975-0041-4E61-8008-C69CE7B90888}.Debug|x86.ActiveCfg = Debug|Any CPU
		{BAE92975-0041-4E61-8008-C69CE7B90888}.Debug|x86.Build.0 = Debug|Any CPU
		{BAE92975-0041-4E61-8008-C69CE7B90888}.Release|Any CPU.ActiveCfg = Release|Any CPU
		{BAE92975-0041-4E61-8008-C69CE7B90888}.Release|Any CPU.Build.0 = Release|Any CPU
		{BAE92975-0041-4E61-8008-C69CE7B90888}.Release|x64.ActiveCfg = Release|Any CPU
		{BAE92975-0041-4E61-8008-C69CE7B90888}.Release|x64.Build.0 = Release|Any CPU
		{BAE92975-0041-4E61-8008-C69CE7B90888}.Release|x86.ActiveCfg = Release|Any CPU
		{BAE92975-0041-4E61-8008-C69CE7B90888}.Release|x86.Build.0 = Release|Any CPU
		{C363C761-152A-4058-90CE-A3149807343D}.Debug|Any CPU.ActiveCfg = Debug|Any CPU
		{C363C761-152A-4058-90CE-A3149807343D}.Debug|Any CPU.Build.0 = Debug|Any CPU
		{C363C761-152A-4058-90CE-A3149807343D}.Debug|x64.ActiveCfg = Debug|Any CPU
		{C363C761-152A-4058-90CE-A3149807343D}.Debug|x64.Build.0 = Debug|Any CPU
		{C363C761-152A-4058-90CE-A3149807343D}.Debug|x86.ActiveCfg = Debug|Any CPU
		{C363C761-152A-4058-90CE-A3149807343D}.Debug|x86.Build.0 = Debug|Any CPU
		{C363C761-152A-4058-90CE-A3149807343D}.Release|Any CPU.ActiveCfg = Release|Any CPU
		{C363C761-152A-4058-90CE-A3149807343D}.Release|Any CPU.Build.0 = Release|Any CPU
		{C363C761-152A-4058-90CE-A3149807343D}.Release|x64.ActiveCfg = Release|Any CPU
		{C363C761-152A-4058-90CE-A3149807343D}.Release|x64.Build.0 = Release|Any CPU
		{C363C761-152A-4058-90CE-A3149807343D}.Release|x86.ActiveCfg = Release|Any CPU
		{C363C761-152A-4058-90CE-A3149807343D}.Release|x86.Build.0 = Release|Any CPU
		{EEC9FAE4-3793-4D66-96F5-91ABE26D8666}.Debug|Any CPU.ActiveCfg = Debug|Any CPU
		{EEC9FAE4-3793-4D66-96F5-91ABE26D8666}.Debug|Any CPU.Build.0 = Debug|Any CPU
		{EEC9FAE4-3793-4D66-96F5-91ABE26D8666}.Debug|x64.ActiveCfg = Debug|Any CPU
		{EEC9FAE4-3793-4D66-96F5-91ABE26D8666}.Debug|x64.Build.0 = Debug|Any CPU
		{EEC9FAE4-3793-4D66-96F5-91ABE26D8666}.Debug|x86.ActiveCfg = Debug|Any CPU
		{EEC9FAE4-3793-4D66-96F5-91ABE26D8666}.Debug|x86.Build.0 = Debug|Any CPU
		{EEC9FAE4-3793-4D66-96F5-91ABE26D8666}.Release|Any CPU.ActiveCfg = Release|Any CPU
		{EEC9FAE4-3793-4D66-96F5-91ABE26D8666}.Release|Any CPU.Build.0 = Release|Any CPU
		{EEC9FAE4-3793-4D66-96F5-91ABE26D8666}.Release|x64.ActiveCfg = Release|Any CPU
		{EEC9FAE4-3793-4D66-96F5-91ABE26D8666}.Release|x64.Build.0 = Release|Any CPU
		{EEC9FAE4-3793-4D66-96F5-91ABE26D8666}.Release|x86.ActiveCfg = Release|Any CPU
		{EEC9FAE4-3793-4D66-96F5-91ABE26D8666}.Release|x86.Build.0 = Release|Any CPU
		{BFC58FC8-4B49-4C3B-9AFC-2C772AFF557B}.Debug|Any CPU.ActiveCfg = Debug|Any CPU
		{BFC58FC8-4B49-4C3B-9AFC-2C772AFF557B}.Debug|Any CPU.Build.0 = Debug|Any CPU
		{BFC58FC8-4B49-4C3B-9AFC-2C772AFF557B}.Debug|x64.ActiveCfg = Debug|Any CPU
		{BFC58FC8-4B49-4C3B-9AFC-2C772AFF557B}.Debug|x64.Build.0 = Debug|Any CPU
		{BFC58FC8-4B49-4C3B-9AFC-2C772AFF557B}.Debug|x86.ActiveCfg = Debug|Any CPU
		{BFC58FC8-4B49-4C3B-9AFC-2C772AFF557B}.Debug|x86.Build.0 = Debug|Any CPU
		{BFC58FC8-4B49-4C3B-9AFC-2C772AFF557B}.Release|Any CPU.ActiveCfg = Release|Any CPU
		{BFC58FC8-4B49-4C3B-9AFC-2C772AFF557B}.Release|Any CPU.Build.0 = Release|Any CPU
		{BFC58FC8-4B49-4C3B-9AFC-2C772AFF557B}.Release|x64.ActiveCfg = Release|Any CPU
		{BFC58FC8-4B49-4C3B-9AFC-2C772AFF557B}.Release|x64.Build.0 = Release|Any CPU
		{BFC58FC8-4B49-4C3B-9AFC-2C772AFF557B}.Release|x86.ActiveCfg = Release|Any CPU
		{BFC58FC8-4B49-4C3B-9AFC-2C772AFF557B}.Release|x86.Build.0 = Release|Any CPU
		{53CBBB4B-0E1E-4DD3-B734-43348F272E3A}.Debug|Any CPU.ActiveCfg = Debug|Any CPU
		{53CBBB4B-0E1E-4DD3-B734-43348F272E3A}.Debug|Any CPU.Build.0 = Debug|Any CPU
		{53CBBB4B-0E1E-4DD3-B734-43348F272E3A}.Debug|x64.ActiveCfg = Debug|Any CPU
		{53CBBB4B-0E1E-4DD3-B734-43348F272E3A}.Debug|x64.Build.0 = Debug|Any CPU
		{53CBBB4B-0E1E-4DD3-B734-43348F272E3A}.Debug|x86.ActiveCfg = Debug|Any CPU
		{53CBBB4B-0E1E-4DD3-B734-43348F272E3A}.Debug|x86.Build.0 = Debug|Any CPU
		{53CBBB4B-0E1E-4DD3-B734-43348F272E3A}.Release|Any CPU.ActiveCfg = Release|Any CPU
		{53CBBB4B-0E1E-4DD3-B734-43348F272E3A}.Release|Any CPU.Build.0 = Release|Any CPU
		{53CBBB4B-0E1E-4DD3-B734-43348F272E3A}.Release|x64.ActiveCfg = Release|Any CPU
		{53CBBB4B-0E1E-4DD3-B734-43348F272E3A}.Release|x64.Build.0 = Release|Any CPU
		{53CBBB4B-0E1E-4DD3-B734-43348F272E3A}.Release|x86.ActiveCfg = Release|Any CPU
		{53CBBB4B-0E1E-4DD3-B734-43348F272E3A}.Release|x86.Build.0 = Release|Any CPU
		{6DABE7CB-BFC4-4FF9-8E0A-D8EA6F41BF43}.Debug|Any CPU.ActiveCfg = Debug|Any CPU
		{6DABE7CB-BFC4-4FF9-8E0A-D8EA6F41BF43}.Debug|Any CPU.Build.0 = Debug|Any CPU
		{6DABE7CB-BFC4-4FF9-8E0A-D8EA6F41BF43}.Debug|x64.ActiveCfg = Debug|Any CPU
		{6DABE7CB-BFC4-4FF9-8E0A-D8EA6F41BF43}.Debug|x64.Build.0 = Debug|Any CPU
		{6DABE7CB-BFC4-4FF9-8E0A-D8EA6F41BF43}.Debug|x86.ActiveCfg = Debug|Any CPU
		{6DABE7CB-BFC4-4FF9-8E0A-D8EA6F41BF43}.Debug|x86.Build.0 = Debug|Any CPU
		{6DABE7CB-BFC4-4FF9-8E0A-D8EA6F41BF43}.Release|Any CPU.ActiveCfg = Release|Any CPU
		{6DABE7CB-BFC4-4FF9-8E0A-D8EA6F41BF43}.Release|Any CPU.Build.0 = Release|Any CPU
		{6DABE7CB-BFC4-4FF9-8E0A-D8EA6F41BF43}.Release|x64.ActiveCfg = Release|Any CPU
		{6DABE7CB-BFC4-4FF9-8E0A-D8EA6F41BF43}.Release|x64.Build.0 = Release|Any CPU
		{6DABE7CB-BFC4-4FF9-8E0A-D8EA6F41BF43}.Release|x86.ActiveCfg = Release|Any CPU
		{6DABE7CB-BFC4-4FF9-8E0A-D8EA6F41BF43}.Release|x86.Build.0 = Release|Any CPU
		{DE26430D-3ECC-4E22-BBAB-51D3BD785E0F}.Debug|Any CPU.ActiveCfg = Debug|Any CPU
		{DE26430D-3ECC-4E22-BBAB-51D3BD785E0F}.Debug|Any CPU.Build.0 = Debug|Any CPU
		{DE26430D-3ECC-4E22-BBAB-51D3BD785E0F}.Debug|x64.ActiveCfg = Debug|Any CPU
		{DE26430D-3ECC-4E22-BBAB-51D3BD785E0F}.Debug|x64.Build.0 = Debug|Any CPU
		{DE26430D-3ECC-4E22-BBAB-51D3BD785E0F}.Debug|x86.ActiveCfg = Debug|Any CPU
		{DE26430D-3ECC-4E22-BBAB-51D3BD785E0F}.Debug|x86.Build.0 = Debug|Any CPU
		{DE26430D-3ECC-4E22-BBAB-51D3BD785E0F}.Release|Any CPU.ActiveCfg = Release|Any CPU
		{DE26430D-3ECC-4E22-BBAB-51D3BD785E0F}.Release|Any CPU.Build.0 = Release|Any CPU
		{DE26430D-3ECC-4E22-BBAB-51D3BD785E0F}.Release|x64.ActiveCfg = Release|Any CPU
		{DE26430D-3ECC-4E22-BBAB-51D3BD785E0F}.Release|x64.Build.0 = Release|Any CPU
		{DE26430D-3ECC-4E22-BBAB-51D3BD785E0F}.Release|x86.ActiveCfg = Release|Any CPU
		{DE26430D-3ECC-4E22-BBAB-51D3BD785E0F}.Release|x86.Build.0 = Release|Any CPU
		{BCC191DD-0E2F-4EF1-A8F2-36CDEC1EBD5C}.Debug|Any CPU.ActiveCfg = Debug|Any CPU
		{BCC191DD-0E2F-4EF1-A8F2-36CDEC1EBD5C}.Debug|Any CPU.Build.0 = Debug|Any CPU
		{BCC191DD-0E2F-4EF1-A8F2-36CDEC1EBD5C}.Debug|x64.ActiveCfg = Debug|Any CPU
		{BCC191DD-0E2F-4EF1-A8F2-36CDEC1EBD5C}.Debug|x64.Build.0 = Debug|Any CPU
		{BCC191DD-0E2F-4EF1-A8F2-36CDEC1EBD5C}.Debug|x86.ActiveCfg = Debug|Any CPU
		{BCC191DD-0E2F-4EF1-A8F2-36CDEC1EBD5C}.Debug|x86.Build.0 = Debug|Any CPU
		{BCC191DD-0E2F-4EF1-A8F2-36CDEC1EBD5C}.Release|Any CPU.ActiveCfg = Release|Any CPU
		{BCC191DD-0E2F-4EF1-A8F2-36CDEC1EBD5C}.Release|Any CPU.Build.0 = Release|Any CPU
		{BCC191DD-0E2F-4EF1-A8F2-36CDEC1EBD5C}.Release|x64.ActiveCfg = Release|Any CPU
		{BCC191DD-0E2F-4EF1-A8F2-36CDEC1EBD5C}.Release|x64.Build.0 = Release|Any CPU
		{BCC191DD-0E2F-4EF1-A8F2-36CDEC1EBD5C}.Release|x86.ActiveCfg = Release|Any CPU
		{BCC191DD-0E2F-4EF1-A8F2-36CDEC1EBD5C}.Release|x86.Build.0 = Release|Any CPU
		{43A8E744-7032-4041-B21F-321AD600F831}.Debug|Any CPU.ActiveCfg = Debug|Any CPU
		{43A8E744-7032-4041-B21F-321AD600F831}.Debug|Any CPU.Build.0 = Debug|Any CPU
		{43A8E744-7032-4041-B21F-321AD600F831}.Debug|x64.ActiveCfg = Debug|Any CPU
		{43A8E744-7032-4041-B21F-321AD600F831}.Debug|x64.Build.0 = Debug|Any CPU
		{43A8E744-7032-4041-B21F-321AD600F831}.Debug|x86.ActiveCfg = Debug|Any CPU
		{43A8E744-7032-4041-B21F-321AD600F831}.Debug|x86.Build.0 = Debug|Any CPU
		{43A8E744-7032-4041-B21F-321AD600F831}.Release|Any CPU.ActiveCfg = Release|Any CPU
		{43A8E744-7032-4041-B21F-321AD600F831}.Release|Any CPU.Build.0 = Release|Any CPU
		{43A8E744-7032-4041-B21F-321AD600F831}.Release|x64.ActiveCfg = Release|Any CPU
		{43A8E744-7032-4041-B21F-321AD600F831}.Release|x64.Build.0 = Release|Any CPU
		{43A8E744-7032-4041-B21F-321AD600F831}.Release|x86.ActiveCfg = Release|Any CPU
		{43A8E744-7032-4041-B21F-321AD600F831}.Release|x86.Build.0 = Release|Any CPU
		{0E83E2E1-609B-4A10-83D1-232CD3C43B30}.Debug|Any CPU.ActiveCfg = Debug|Any CPU
		{0E83E2E1-609B-4A10-83D1-232CD3C43B30}.Debug|Any CPU.Build.0 = Debug|Any CPU
		{0E83E2E1-609B-4A10-83D1-232CD3C43B30}.Debug|x64.ActiveCfg = Debug|Any CPU
		{0E83E2E1-609B-4A10-83D1-232CD3C43B30}.Debug|x64.Build.0 = Debug|Any CPU
		{0E83E2E1-609B-4A10-83D1-232CD3C43B30}.Debug|x86.ActiveCfg = Debug|Any CPU
		{0E83E2E1-609B-4A10-83D1-232CD3C43B30}.Debug|x86.Build.0 = Debug|Any CPU
		{0E83E2E1-609B-4A10-83D1-232CD3C43B30}.Release|Any CPU.ActiveCfg = Release|Any CPU
		{0E83E2E1-609B-4A10-83D1-232CD3C43B30}.Release|Any CPU.Build.0 = Release|Any CPU
		{0E83E2E1-609B-4A10-83D1-232CD3C43B30}.Release|x64.ActiveCfg = Release|Any CPU
		{0E83E2E1-609B-4A10-83D1-232CD3C43B30}.Release|x64.Build.0 = Release|Any CPU
		{0E83E2E1-609B-4A10-83D1-232CD3C43B30}.Release|x86.ActiveCfg = Release|Any CPU
		{0E83E2E1-609B-4A10-83D1-232CD3C43B30}.Release|x86.Build.0 = Release|Any CPU
		{FA88AA7C-DB68-4F19-B0D9-B182AA41D552}.Debug|Any CPU.ActiveCfg = Debug|Any CPU
		{FA88AA7C-DB68-4F19-B0D9-B182AA41D552}.Debug|Any CPU.Build.0 = Debug|Any CPU
		{FA88AA7C-DB68-4F19-B0D9-B182AA41D552}.Debug|x64.ActiveCfg = Debug|Any CPU
		{FA88AA7C-DB68-4F19-B0D9-B182AA41D552}.Debug|x64.Build.0 = Debug|Any CPU
		{FA88AA7C-DB68-4F19-B0D9-B182AA41D552}.Debug|x86.ActiveCfg = Debug|Any CPU
		{FA88AA7C-DB68-4F19-B0D9-B182AA41D552}.Debug|x86.Build.0 = Debug|Any CPU
		{FA88AA7C-DB68-4F19-B0D9-B182AA41D552}.Release|Any CPU.ActiveCfg = Release|Any CPU
		{FA88AA7C-DB68-4F19-B0D9-B182AA41D552}.Release|Any CPU.Build.0 = Release|Any CPU
		{FA88AA7C-DB68-4F19-B0D9-B182AA41D552}.Release|x64.ActiveCfg = Release|Any CPU
		{FA88AA7C-DB68-4F19-B0D9-B182AA41D552}.Release|x64.Build.0 = Release|Any CPU
		{FA88AA7C-DB68-4F19-B0D9-B182AA41D552}.Release|x86.ActiveCfg = Release|Any CPU
		{FA88AA7C-DB68-4F19-B0D9-B182AA41D552}.Release|x86.Build.0 = Release|Any CPU
		{9623A492-D336-4025-BC30-2F5489FC03E6}.Debug|Any CPU.ActiveCfg = Debug|Any CPU
		{9623A492-D336-4025-BC30-2F5489FC03E6}.Debug|Any CPU.Build.0 = Debug|Any CPU
		{9623A492-D336-4025-BC30-2F5489FC03E6}.Debug|x64.ActiveCfg = Debug|Any CPU
		{9623A492-D336-4025-BC30-2F5489FC03E6}.Debug|x64.Build.0 = Debug|Any CPU
		{9623A492-D336-4025-BC30-2F5489FC03E6}.Debug|x86.ActiveCfg = Debug|Any CPU
		{9623A492-D336-4025-BC30-2F5489FC03E6}.Debug|x86.Build.0 = Debug|Any CPU
		{9623A492-D336-4025-BC30-2F5489FC03E6}.Release|Any CPU.ActiveCfg = Release|Any CPU
		{9623A492-D336-4025-BC30-2F5489FC03E6}.Release|Any CPU.Build.0 = Release|Any CPU
		{9623A492-D336-4025-BC30-2F5489FC03E6}.Release|x64.ActiveCfg = Release|Any CPU
		{9623A492-D336-4025-BC30-2F5489FC03E6}.Release|x64.Build.0 = Release|Any CPU
		{9623A492-D336-4025-BC30-2F5489FC03E6}.Release|x86.ActiveCfg = Release|Any CPU
		{9623A492-D336-4025-BC30-2F5489FC03E6}.Release|x86.Build.0 = Release|Any CPU
		{32310D91-B494-48E1-BD56-409B72D63C17}.Debug|Any CPU.ActiveCfg = Debug|Any CPU
		{32310D91-B494-48E1-BD56-409B72D63C17}.Debug|Any CPU.Build.0 = Debug|Any CPU
		{32310D91-B494-48E1-BD56-409B72D63C17}.Debug|x64.ActiveCfg = Debug|Any CPU
		{32310D91-B494-48E1-BD56-409B72D63C17}.Debug|x64.Build.0 = Debug|Any CPU
		{32310D91-B494-48E1-BD56-409B72D63C17}.Debug|x86.ActiveCfg = Debug|Any CPU
		{32310D91-B494-48E1-BD56-409B72D63C17}.Debug|x86.Build.0 = Debug|Any CPU
		{32310D91-B494-48E1-BD56-409B72D63C17}.Release|Any CPU.ActiveCfg = Release|Any CPU
		{32310D91-B494-48E1-BD56-409B72D63C17}.Release|Any CPU.Build.0 = Release|Any CPU
		{32310D91-B494-48E1-BD56-409B72D63C17}.Release|x64.ActiveCfg = Release|Any CPU
		{32310D91-B494-48E1-BD56-409B72D63C17}.Release|x64.Build.0 = Release|Any CPU
		{32310D91-B494-48E1-BD56-409B72D63C17}.Release|x86.ActiveCfg = Release|Any CPU
		{32310D91-B494-48E1-BD56-409B72D63C17}.Release|x86.Build.0 = Release|Any CPU
		{4465EE38-23A4-44E4-ABF5-0D86EE4569E4}.Debug|Any CPU.ActiveCfg = Debug|Any CPU
		{4465EE38-23A4-44E4-ABF5-0D86EE4569E4}.Debug|Any CPU.Build.0 = Debug|Any CPU
		{4465EE38-23A4-44E4-ABF5-0D86EE4569E4}.Debug|x64.ActiveCfg = Debug|Any CPU
		{4465EE38-23A4-44E4-ABF5-0D86EE4569E4}.Debug|x64.Build.0 = Debug|Any CPU
		{4465EE38-23A4-44E4-ABF5-0D86EE4569E4}.Debug|x86.ActiveCfg = Debug|Any CPU
		{4465EE38-23A4-44E4-ABF5-0D86EE4569E4}.Debug|x86.Build.0 = Debug|Any CPU
		{4465EE38-23A4-44E4-ABF5-0D86EE4569E4}.Release|Any CPU.ActiveCfg = Release|Any CPU
		{4465EE38-23A4-44E4-ABF5-0D86EE4569E4}.Release|Any CPU.Build.0 = Release|Any CPU
		{4465EE38-23A4-44E4-ABF5-0D86EE4569E4}.Release|x64.ActiveCfg = Release|Any CPU
		{4465EE38-23A4-44E4-ABF5-0D86EE4569E4}.Release|x64.Build.0 = Release|Any CPU
		{4465EE38-23A4-44E4-ABF5-0D86EE4569E4}.Release|x86.ActiveCfg = Release|Any CPU
		{4465EE38-23A4-44E4-ABF5-0D86EE4569E4}.Release|x86.Build.0 = Release|Any CPU
		{A12B471C-B323-4BE4-B0E4-8D450399CCE0}.Debug|Any CPU.ActiveCfg = Debug|Any CPU
		{A12B471C-B323-4BE4-B0E4-8D450399CCE0}.Debug|Any CPU.Build.0 = Debug|Any CPU
		{A12B471C-B323-4BE4-B0E4-8D450399CCE0}.Debug|x64.ActiveCfg = Debug|Any CPU
		{A12B471C-B323-4BE4-B0E4-8D450399CCE0}.Debug|x64.Build.0 = Debug|Any CPU
		{A12B471C-B323-4BE4-B0E4-8D450399CCE0}.Debug|x86.ActiveCfg = Debug|Any CPU
		{A12B471C-B323-4BE4-B0E4-8D450399CCE0}.Debug|x86.Build.0 = Debug|Any CPU
		{A12B471C-B323-4BE4-B0E4-8D450399CCE0}.Release|Any CPU.ActiveCfg = Release|Any CPU
		{A12B471C-B323-4BE4-B0E4-8D450399CCE0}.Release|Any CPU.Build.0 = Release|Any CPU
		{A12B471C-B323-4BE4-B0E4-8D450399CCE0}.Release|x64.ActiveCfg = Release|Any CPU
		{A12B471C-B323-4BE4-B0E4-8D450399CCE0}.Release|x64.Build.0 = Release|Any CPU
		{A12B471C-B323-4BE4-B0E4-8D450399CCE0}.Release|x86.ActiveCfg = Release|Any CPU
		{A12B471C-B323-4BE4-B0E4-8D450399CCE0}.Release|x86.Build.0 = Release|Any CPU
		{DC92FBFD-E1C1-4FEE-BEB5-1D5C9CCDCD51}.Debug|Any CPU.ActiveCfg = Debug|Any CPU
		{DC92FBFD-E1C1-4FEE-BEB5-1D5C9CCDCD51}.Debug|Any CPU.Build.0 = Debug|Any CPU
		{DC92FBFD-E1C1-4FEE-BEB5-1D5C9CCDCD51}.Debug|x64.ActiveCfg = Debug|Any CPU
		{DC92FBFD-E1C1-4FEE-BEB5-1D5C9CCDCD51}.Debug|x64.Build.0 = Debug|Any CPU
		{DC92FBFD-E1C1-4FEE-BEB5-1D5C9CCDCD51}.Debug|x86.ActiveCfg = Debug|Any CPU
		{DC92FBFD-E1C1-4FEE-BEB5-1D5C9CCDCD51}.Debug|x86.Build.0 = Debug|Any CPU
		{DC92FBFD-E1C1-4FEE-BEB5-1D5C9CCDCD51}.Release|Any CPU.ActiveCfg = Release|Any CPU
		{DC92FBFD-E1C1-4FEE-BEB5-1D5C9CCDCD51}.Release|Any CPU.Build.0 = Release|Any CPU
		{DC92FBFD-E1C1-4FEE-BEB5-1D5C9CCDCD51}.Release|x64.ActiveCfg = Release|Any CPU
		{DC92FBFD-E1C1-4FEE-BEB5-1D5C9CCDCD51}.Release|x64.Build.0 = Release|Any CPU
		{DC92FBFD-E1C1-4FEE-BEB5-1D5C9CCDCD51}.Release|x86.ActiveCfg = Release|Any CPU
		{DC92FBFD-E1C1-4FEE-BEB5-1D5C9CCDCD51}.Release|x86.Build.0 = Release|Any CPU
	EndGlobalSection
	GlobalSection(SolutionProperties) = preSolution
		HideSolutionNode = FALSE
	EndGlobalSection
	GlobalSection(ExtensibilityGlobals) = postSolution
		SolutionGuid = {722CFA63-BB64-4913-9121-89548BF82014}
	EndGlobalSection
EndGlobal
