
Microsoft Visual Studio Solution File, Format Version 12.00
# Visual Studio Version 17
VisualStudioVersion = 17.13.36105.23
MinimumVisualStudioVersion = 10.0.40219.1
Project("{FAE04EC0-301F-11D3-BF4B-00C04F79EFBC}") = "Lesson", "Lesson_5\Lesson.csproj", "{317C4506-8EED-4886-9558-2B6D6E0C1346}"
EndProject
Project("{FAE04EC0-301F-11D3-BF4B-00C04F79EFBC}") = "FunWithMethodOverloading", "FunWithMethodOverloading\FunWithMethodOverloading.csproj", "{81215CA3-0F4C-4FDB-84D5-49CCA8DCA3A4}"
EndProject
Project("{FAE04EC0-301F-11D3-BF4B-00C04F79EFBC}") = "FunWithBitwiseOperations", "FunWithBitwiseOperations\FunWithBitwiseOperations.csproj", "{BE53EC7F-9CB8-43E3-8B43-75CE1545B368}"
EndProject
Project("{FAE04EC0-301F-11D3-BF4B-00C04F79EFBC}") = "FunWithStructures", "FunWithStructures\FunWithStructures.csproj", "{A419342D-1B38-4C3B-8BEE-4CF3A995BBB8}"
EndProject
Project("{FAE04EC0-301F-11D3-BF4B-00C04F79EFBC}") = "FunWithNullableReferenceTypes", "FunWithNullableReferenceTypes\FunWithNullableReferenceTypes.csproj", "{24205055-A65B-487D-8247-9A1C7EA31E75}"
EndProject
Project("{FAE04EC0-301F-11D3-BF4B-00C04F79EFBC}") = "FunWithTuples", "FunWithTuples\FunWithTuples.csproj", "{90AA146B-E5A0-4F21-A03A-EF834F0E5D25}"
EndProject
Project("{FAE04EC0-301F-11D3-BF4B-00C04F79EFBC}") = "SpokeLessons", "SpokeLessons\SpokeLessons.csproj", "{57B4A555-9DF7-4D2D-91F9-AC2C52B3E4BB}"
EndProject
Project("{FAE04EC0-301F-11D3-BF4B-00C04F79EFBC}") = "InterfaceAsType", "InterfaceAsType\InterfaceAsType.csproj", "{B3944C75-B81D-4781-916E-8599DF79FCD8}"
EndProject
Project("{FAE04EC0-301F-11D3-BF4B-00C04F79EFBC}") = "SimpleClassExample", "SimpleClassExemple\SimpleClassExample.csproj", "{56770C01-2DD3-4C8F-B8AA-8AC504E50666}"
EndProject
Project("{FAE04EC0-301F-11D3-BF4B-00C04F79EFBC}") = "StaticDateAndMembers", "StaticDateAndMembers\StaticDateAndMembers.csproj", "{F80E1E16-87B5-40C1-A1AD-0AA21654FBBA}"
EndProject
Project("{FAE04EC0-301F-11D3-BF4B-00C04F79EFBC}") = "EmployeeApp", "EmployeeApp\EmployeeApp.csproj", "{74F360C7-76AD-4A0C-9F11-B5BCBAD7F65F}"
EndProject
Project("{FAE04EC0-301F-11D3-BF4B-00C04F79EFBC}") = "AutoProps", "AutoProps\AutoProps.csproj", "{AD636F3A-D281-4C84-9B7B-FF05BE9FED25}"
EndProject
Project("{FAE04EC0-301F-11D3-BF4B-00C04F79EFBC}") = "ObjectInitializers", "ObjectInitializers\ObjectInitializers.csproj", "{5DBD23A2-533D-4D32-AF90-21780617F2AB}"
EndProject
Project("{FAE04EC0-301F-11D3-BF4B-00C04F79EFBC}") = "ConstData", "ConstData\ConstData.csproj", "{85EB2E26-23A4-4C63-AD1F-ACAB9EB9556E}"
EndProject
Project("{FAE04EC0-301F-11D3-BF4B-00C04F79EFBC}") = "FunWithRecords", "FunWithRecords\FunWithRecords.csproj", "{D3C711CE-792D-4E67-9616-EA7020B439C7}"
EndProject
Project("{FAE04EC0-301F-11D3-BF4B-00C04F79EFBC}") = "BasicInheritance", "BasicInheritance\BasicInheritance.csproj", "{CD68A3D1-DC47-49C4-B1B5-092F4E504C07}"
EndProject
Project("{FAE04EC0-301F-11D3-BF4B-00C04F79EFBC}") = "SimpleGC", "SimpleGC\SimpleGC.csproj", "{5E725BCB-ACF5-4515-A02E-5C9706CA6330}"
EndProject
Project("{FAE04EC0-301F-11D3-BF4B-00C04F79EFBC}") = "Employees", "Employees\Employees.csproj", "{07FAEA92-53C8-4786-BE41-B8E9990AEE1E}"
EndProject
Project("{FAE04EC0-301F-11D3-BF4B-00C04F79EFBC}") = "RecordInheritance", "RecordInheritance\RecordInheritance.csproj", "{7E195211-5858-4084-A7E8-3B7060529F91}"
EndProject
Project("{FAE04EC0-301F-11D3-BF4B-00C04F79EFBC}") = "Figure", "Shape\Figure.csproj", "{90C002C9-CC6C-4488-A857-F6283E66DE75}"
EndProject
Project("{FAE04EC0-301F-11D3-BF4B-00C04F79EFBC}") = "ObjectOverrides", "ObjectOverrides\ObjectOverrides.csproj", "{E83C2B16-F914-4A30-9633-426650CB83BA}"
EndProject
Project("{FAE04EC0-301F-11D3-BF4B-00C04F79EFBC}") = "SimpleException", "SimpleException\SimpleException.csproj", "{29C29139-C221-41B2-8808-6A67093D98D1}"
EndProject
Project("{FAE04EC0-301F-11D3-BF4B-00C04F79EFBC}") = "CustomException", "CustomException\CustomException.csproj", "{FBDA26C7-4983-4B7E-9250-6A8F1DE43956}"
EndProject
Project("{FAE04EC0-301F-11D3-BF4B-00C04F79EFBC}") = "ProcessMultipleException", "ProcessMultipleException\ProcessMultipleException.csproj", "{13A3F42B-A03F-43E0-9DB8-4DE66BA3B99E}"
EndProject
Project("{FAE04EC0-301F-11D3-BF4B-00C04F79EFBC}") = "CustomInterface", "CustomInterface\CustomInterface.csproj", "{C06A5B94-26A2-468D-8AFD-F7DF0C5727AB}"
EndProject
Project("{FAE04EC0-301F-11D3-BF4B-00C04F79EFBC}") = "InterfaceNameClash", "InterfaceNameClash\InterfaceNameClash.csproj", "{B455A9EA-AD01-418B-9AB8-ED9FA3E0A9F9}"
EndProject
Project("{FAE04EC0-301F-11D3-BF4B-00C04F79EFBC}") = "InterfaceHierarchy", "InterfaceHierarchy\InterfaceHierarchy.csproj", "{1D3DB366-5E32-4E99-A8BC-57A9CD6FF1BA}"
EndProject
Project("{FAE04EC0-301F-11D3-BF4B-00C04F79EFBC}") = "MiInterfaceHierarchy", "MiInterfaceHierarchy\MiInterfaceHierarchy.csproj", "{A04EDCF5-4BA9-4D07-B9BE-FA5E8B4AD8CD}"
EndProject
Project("{FAE04EC0-301F-11D3-BF4B-00C04F79EFBC}") = "CustomEnumerator", "CustomEnumerator\CustomEnumerator.csproj", "{42DFC71D-0F27-42E6-9063-ED6FA73D0713}"
EndProject
Project("{FAE04EC0-301F-11D3-BF4B-00C04F79EFBC}") = "CustomEnumeratorWithYield", "CustomEnumeratorWithYield\CustomEnumeratorWithYield.csproj", "{2D3056D9-60C1-4164-A3BB-36296A7A1A0D}"
EndProject
Project("{FAE04EC0-301F-11D3-BF4B-00C04F79EFBC}") = "CloneablePoint", "CloneablePoint\CloneablePoint.csproj", "{BC78FD18-6C78-4360-998D-5CC8FC8B14FB}"
EndProject
Project("{FAE04EC0-301F-11D3-BF4B-00C04F79EFBC}") = "ComparableCar", "ComparableCar\ComparableCar.csproj", "{382B85A1-1047-4CB8-AFA9-6DDD51AD76DA}"
EndProject
Global
	GlobalSection(SolutionConfigurationPlatforms) = preSolution
		Debug|Any CPU = Debug|Any CPU
		Release|Any CPU = Release|Any CPU
	EndGlobalSection
	GlobalSection(ProjectConfigurationPlatforms) = postSolution
		{317C4506-8EED-4886-9558-2B6D6E0C1346}.Debug|Any CPU.ActiveCfg = Debug|Any CPU
		{317C4506-8EED-4886-9558-2B6D6E0C1346}.Debug|Any CPU.Build.0 = Debug|Any CPU
		{317C4506-8EED-4886-9558-2B6D6E0C1346}.Release|Any CPU.ActiveCfg = Release|Any CPU
		{317C4506-8EED-4886-9558-2B6D6E0C1346}.Release|Any CPU.Build.0 = Release|Any CPU
		{81215CA3-0F4C-4FDB-84D5-49CCA8DCA3A4}.Debug|Any CPU.ActiveCfg = Debug|Any CPU
		{81215CA3-0F4C-4FDB-84D5-49CCA8DCA3A4}.Debug|Any CPU.Build.0 = Debug|Any CPU
		{81215CA3-0F4C-4FDB-84D5-49CCA8DCA3A4}.Release|Any CPU.ActiveCfg = Release|Any CPU
		{81215CA3-0F4C-4FDB-84D5-49CCA8DCA3A4}.Release|Any CPU.Build.0 = Release|Any CPU
		{BE53EC7F-9CB8-43E3-8B43-75CE1545B368}.Debug|Any CPU.ActiveCfg = Debug|Any CPU
		{BE53EC7F-9CB8-43E3-8B43-75CE1545B368}.Debug|Any CPU.Build.0 = Debug|Any CPU
		{BE53EC7F-9CB8-43E3-8B43-75CE1545B368}.Release|Any CPU.ActiveCfg = Release|Any CPU
		{BE53EC7F-9CB8-43E3-8B43-75CE1545B368}.Release|Any CPU.Build.0 = Release|Any CPU
		{A419342D-1B38-4C3B-8BEE-4CF3A995BBB8}.Debug|Any CPU.ActiveCfg = Debug|Any CPU
		{A419342D-1B38-4C3B-8BEE-4CF3A995BBB8}.Debug|Any CPU.Build.0 = Debug|Any CPU
		{A419342D-1B38-4C3B-8BEE-4CF3A995BBB8}.Release|Any CPU.ActiveCfg = Release|Any CPU
		{A419342D-1B38-4C3B-8BEE-4CF3A995BBB8}.Release|Any CPU.Build.0 = Release|Any CPU
		{24205055-A65B-487D-8247-9A1C7EA31E75}.Debug|Any CPU.ActiveCfg = Debug|Any CPU
		{24205055-A65B-487D-8247-9A1C7EA31E75}.Debug|Any CPU.Build.0 = Debug|Any CPU
		{24205055-A65B-487D-8247-9A1C7EA31E75}.Release|Any CPU.ActiveCfg = Release|Any CPU
		{24205055-A65B-487D-8247-9A1C7EA31E75}.Release|Any CPU.Build.0 = Release|Any CPU
		{90AA146B-E5A0-4F21-A03A-EF834F0E5D25}.Debug|Any CPU.ActiveCfg = Debug|Any CPU
		{90AA146B-E5A0-4F21-A03A-EF834F0E5D25}.Debug|Any CPU.Build.0 = Debug|Any CPU
		{90AA146B-E5A0-4F21-A03A-EF834F0E5D25}.Release|Any CPU.ActiveCfg = Release|Any CPU
		{90AA146B-E5A0-4F21-A03A-EF834F0E5D25}.Release|Any CPU.Build.0 = Release|Any CPU
		{57B4A555-9DF7-4D2D-91F9-AC2C52B3E4BB}.Debug|Any CPU.ActiveCfg = Debug|Any CPU
		{57B4A555-9DF7-4D2D-91F9-AC2C52B3E4BB}.Debug|Any CPU.Build.0 = Debug|Any CPU
		{57B4A555-9DF7-4D2D-91F9-AC2C52B3E4BB}.Release|Any CPU.ActiveCfg = Release|Any CPU
		{57B4A555-9DF7-4D2D-91F9-AC2C52B3E4BB}.Release|Any CPU.Build.0 = Release|Any CPU
		{B3944C75-B81D-4781-916E-8599DF79FCD8}.Debug|Any CPU.ActiveCfg = Debug|Any CPU
		{B3944C75-B81D-4781-916E-8599DF79FCD8}.Debug|Any CPU.Build.0 = Debug|Any CPU
		{B3944C75-B81D-4781-916E-8599DF79FCD8}.Release|Any CPU.ActiveCfg = Release|Any CPU
		{B3944C75-B81D-4781-916E-8599DF79FCD8}.Release|Any CPU.Build.0 = Release|Any CPU
		{56770C01-2DD3-4C8F-B8AA-8AC504E50666}.Debug|Any CPU.ActiveCfg = Debug|Any CPU
		{56770C01-2DD3-4C8F-B8AA-8AC504E50666}.Debug|Any CPU.Build.0 = Debug|Any CPU
		{56770C01-2DD3-4C8F-B8AA-8AC504E50666}.Release|Any CPU.ActiveCfg = Release|Any CPU
		{56770C01-2DD3-4C8F-B8AA-8AC504E50666}.Release|Any CPU.Build.0 = Release|Any CPU
		{F80E1E16-87B5-40C1-A1AD-0AA21654FBBA}.Debug|Any CPU.ActiveCfg = Debug|Any CPU
		{F80E1E16-87B5-40C1-A1AD-0AA21654FBBA}.Debug|Any CPU.Build.0 = Debug|Any CPU
		{F80E1E16-87B5-40C1-A1AD-0AA21654FBBA}.Release|Any CPU.ActiveCfg = Release|Any CPU
		{F80E1E16-87B5-40C1-A1AD-0AA21654FBBA}.Release|Any CPU.Build.0 = Release|Any CPU
		{74F360C7-76AD-4A0C-9F11-B5BCBAD7F65F}.Debug|Any CPU.ActiveCfg = Debug|Any CPU
		{74F360C7-76AD-4A0C-9F11-B5BCBAD7F65F}.Debug|Any CPU.Build.0 = Debug|Any CPU
		{74F360C7-76AD-4A0C-9F11-B5BCBAD7F65F}.Release|Any CPU.ActiveCfg = Release|Any CPU
		{74F360C7-76AD-4A0C-9F11-B5BCBAD7F65F}.Release|Any CPU.Build.0 = Release|Any CPU
		{AD636F3A-D281-4C84-9B7B-FF05BE9FED25}.Debug|Any CPU.ActiveCfg = Debug|Any CPU
		{AD636F3A-D281-4C84-9B7B-FF05BE9FED25}.Debug|Any CPU.Build.0 = Debug|Any CPU
		{AD636F3A-D281-4C84-9B7B-FF05BE9FED25}.Release|Any CPU.ActiveCfg = Release|Any CPU
		{AD636F3A-D281-4C84-9B7B-FF05BE9FED25}.Release|Any CPU.Build.0 = Release|Any CPU
		{5DBD23A2-533D-4D32-AF90-21780617F2AB}.Debug|Any CPU.ActiveCfg = Debug|Any CPU
		{5DBD23A2-533D-4D32-AF90-21780617F2AB}.Debug|Any CPU.Build.0 = Debug|Any CPU
		{5DBD23A2-533D-4D32-AF90-21780617F2AB}.Release|Any CPU.ActiveCfg = Release|Any CPU
		{5DBD23A2-533D-4D32-AF90-21780617F2AB}.Release|Any CPU.Build.0 = Release|Any CPU
		{85EB2E26-23A4-4C63-AD1F-ACAB9EB9556E}.Debug|Any CPU.ActiveCfg = Debug|Any CPU
		{85EB2E26-23A4-4C63-AD1F-ACAB9EB9556E}.Debug|Any CPU.Build.0 = Debug|Any CPU
		{85EB2E26-23A4-4C63-AD1F-ACAB9EB9556E}.Release|Any CPU.ActiveCfg = Release|Any CPU
		{85EB2E26-23A4-4C63-AD1F-ACAB9EB9556E}.Release|Any CPU.Build.0 = Release|Any CPU
		{D3C711CE-792D-4E67-9616-EA7020B439C7}.Debug|Any CPU.ActiveCfg = Debug|Any CPU
		{D3C711CE-792D-4E67-9616-EA7020B439C7}.Debug|Any CPU.Build.0 = Debug|Any CPU
		{D3C711CE-792D-4E67-9616-EA7020B439C7}.Release|Any CPU.ActiveCfg = Release|Any CPU
		{D3C711CE-792D-4E67-9616-EA7020B439C7}.Release|Any CPU.Build.0 = Release|Any CPU
		{CD68A3D1-DC47-49C4-B1B5-092F4E504C07}.Debug|Any CPU.ActiveCfg = Debug|Any CPU
		{CD68A3D1-DC47-49C4-B1B5-092F4E504C07}.Debug|Any CPU.Build.0 = Debug|Any CPU
		{CD68A3D1-DC47-49C4-B1B5-092F4E504C07}.Release|Any CPU.ActiveCfg = Release|Any CPU
		{CD68A3D1-DC47-49C4-B1B5-092F4E504C07}.Release|Any CPU.Build.0 = Release|Any CPU
		{5E725BCB-ACF5-4515-A02E-5C9706CA6330}.Debug|Any CPU.ActiveCfg = Debug|Any CPU
		{5E725BCB-ACF5-4515-A02E-5C9706CA6330}.Debug|Any CPU.Build.0 = Debug|Any CPU
		{5E725BCB-ACF5-4515-A02E-5C9706CA6330}.Release|Any CPU.ActiveCfg = Release|Any CPU
		{5E725BCB-ACF5-4515-A02E-5C9706CA6330}.Release|Any CPU.Build.0 = Release|Any CPU
		{07FAEA92-53C8-4786-BE41-B8E9990AEE1E}.Debug|Any CPU.ActiveCfg = Debug|Any CPU
		{07FAEA92-53C8-4786-BE41-B8E9990AEE1E}.Debug|Any CPU.Build.0 = Debug|Any CPU
		{07FAEA92-53C8-4786-BE41-B8E9990AEE1E}.Release|Any CPU.ActiveCfg = Release|Any CPU
		{07FAEA92-53C8-4786-BE41-B8E9990AEE1E}.Release|Any CPU.Build.0 = Release|Any CPU
		{7E195211-5858-4084-A7E8-3B7060529F91}.Debug|Any CPU.ActiveCfg = Debug|Any CPU
		{7E195211-5858-4084-A7E8-3B7060529F91}.Debug|Any CPU.Build.0 = Debug|Any CPU
		{7E195211-5858-4084-A7E8-3B7060529F91}.Release|Any CPU.ActiveCfg = Release|Any CPU
		{7E195211-5858-4084-A7E8-3B7060529F91}.Release|Any CPU.Build.0 = Release|Any CPU
		{90C002C9-CC6C-4488-A857-F6283E66DE75}.Debug|Any CPU.ActiveCfg = Debug|Any CPU
		{90C002C9-CC6C-4488-A857-F6283E66DE75}.Debug|Any CPU.Build.0 = Debug|Any CPU
		{90C002C9-CC6C-4488-A857-F6283E66DE75}.Release|Any CPU.ActiveCfg = Release|Any CPU
		{90C002C9-CC6C-4488-A857-F6283E66DE75}.Release|Any CPU.Build.0 = Release|Any CPU
		{E83C2B16-F914-4A30-9633-426650CB83BA}.Debug|Any CPU.ActiveCfg = Debug|Any CPU
		{E83C2B16-F914-4A30-9633-426650CB83BA}.Debug|Any CPU.Build.0 = Debug|Any CPU
		{E83C2B16-F914-4A30-9633-426650CB83BA}.Release|Any CPU.ActiveCfg = Release|Any CPU
		{E83C2B16-F914-4A30-9633-426650CB83BA}.Release|Any CPU.Build.0 = Release|Any CPU
		{29C29139-C221-41B2-8808-6A67093D98D1}.Debug|Any CPU.ActiveCfg = Debug|Any CPU
		{29C29139-C221-41B2-8808-6A67093D98D1}.Debug|Any CPU.Build.0 = Debug|Any CPU
		{29C29139-C221-41B2-8808-6A67093D98D1}.Release|Any CPU.ActiveCfg = Release|Any CPU
		{29C29139-C221-41B2-8808-6A67093D98D1}.Release|Any CPU.Build.0 = Release|Any CPU
		{FBDA26C7-4983-4B7E-9250-6A8F1DE43956}.Debug|Any CPU.ActiveCfg = Debug|Any CPU
		{FBDA26C7-4983-4B7E-9250-6A8F1DE43956}.Debug|Any CPU.Build.0 = Debug|Any CPU
		{FBDA26C7-4983-4B7E-9250-6A8F1DE43956}.Release|Any CPU.ActiveCfg = Release|Any CPU
		{FBDA26C7-4983-4B7E-9250-6A8F1DE43956}.Release|Any CPU.Build.0 = Release|Any CPU
		{13A3F42B-A03F-43E0-9DB8-4DE66BA3B99E}.Debug|Any CPU.ActiveCfg = Debug|Any CPU
		{13A3F42B-A03F-43E0-9DB8-4DE66BA3B99E}.Debug|Any CPU.Build.0 = Debug|Any CPU
		{13A3F42B-A03F-43E0-9DB8-4DE66BA3B99E}.Release|Any CPU.ActiveCfg = Release|Any CPU
		{13A3F42B-A03F-43E0-9DB8-4DE66BA3B99E}.Release|Any CPU.Build.0 = Release|Any CPU
		{C06A5B94-26A2-468D-8AFD-F7DF0C5727AB}.Debug|Any CPU.ActiveCfg = Debug|Any CPU
		{C06A5B94-26A2-468D-8AFD-F7DF0C5727AB}.Debug|Any CPU.Build.0 = Debug|Any CPU
		{C06A5B94-26A2-468D-8AFD-F7DF0C5727AB}.Release|Any CPU.ActiveCfg = Release|Any CPU
		{C06A5B94-26A2-468D-8AFD-F7DF0C5727AB}.Release|Any CPU.Build.0 = Release|Any CPU
		{B455A9EA-AD01-418B-9AB8-ED9FA3E0A9F9}.Debug|Any CPU.ActiveCfg = Debug|Any CPU
		{B455A9EA-AD01-418B-9AB8-ED9FA3E0A9F9}.Debug|Any CPU.Build.0 = Debug|Any CPU
		{B455A9EA-AD01-418B-9AB8-ED9FA3E0A9F9}.Release|Any CPU.ActiveCfg = Release|Any CPU
		{B455A9EA-AD01-418B-9AB8-ED9FA3E0A9F9}.Release|Any CPU.Build.0 = Release|Any CPU
		{1D3DB366-5E32-4E99-A8BC-57A9CD6FF1BA}.Debug|Any CPU.ActiveCfg = Debug|Any CPU
		{1D3DB366-5E32-4E99-A8BC-57A9CD6FF1BA}.Debug|Any CPU.Build.0 = Debug|Any CPU
		{1D3DB366-5E32-4E99-A8BC-57A9CD6FF1BA}.Release|Any CPU.ActiveCfg = Release|Any CPU
		{1D3DB366-5E32-4E99-A8BC-57A9CD6FF1BA}.Release|Any CPU.Build.0 = Release|Any CPU
		{A04EDCF5-4BA9-4D07-B9BE-FA5E8B4AD8CD}.Debug|Any CPU.ActiveCfg = Debug|Any CPU
		{A04EDCF5-4BA9-4D07-B9BE-FA5E8B4AD8CD}.Debug|Any CPU.Build.0 = Debug|Any CPU
		{A04EDCF5-4BA9-4D07-B9BE-FA5E8B4AD8CD}.Release|Any CPU.ActiveCfg = Release|Any CPU
		{A04EDCF5-4BA9-4D07-B9BE-FA5E8B4AD8CD}.Release|Any CPU.Build.0 = Release|Any CPU
		{42DFC71D-0F27-42E6-9063-ED6FA73D0713}.Debug|Any CPU.ActiveCfg = Debug|Any CPU
		{42DFC71D-0F27-42E6-9063-ED6FA73D0713}.Debug|Any CPU.Build.0 = Debug|Any CPU
		{42DFC71D-0F27-42E6-9063-ED6FA73D0713}.Release|Any CPU.ActiveCfg = Release|Any CPU
		{42DFC71D-0F27-42E6-9063-ED6FA73D0713}.Release|Any CPU.Build.0 = Release|Any CPU
		{2D3056D9-60C1-4164-A3BB-36296A7A1A0D}.Debug|Any CPU.ActiveCfg = Debug|Any CPU
		{2D3056D9-60C1-4164-A3BB-36296A7A1A0D}.Debug|Any CPU.Build.0 = Debug|Any CPU
		{2D3056D9-60C1-4164-A3BB-36296A7A1A0D}.Release|Any CPU.ActiveCfg = Release|Any CPU
		{2D3056D9-60C1-4164-A3BB-36296A7A1A0D}.Release|Any CPU.Build.0 = Release|Any CPU
		{BC78FD18-6C78-4360-998D-5CC8FC8B14FB}.Debug|Any CPU.ActiveCfg = Debug|Any CPU
		{BC78FD18-6C78-4360-998D-5CC8FC8B14FB}.Debug|Any CPU.Build.0 = Debug|Any CPU
		{BC78FD18-6C78-4360-998D-5CC8FC8B14FB}.Release|Any CPU.ActiveCfg = Release|Any CPU
		{BC78FD18-6C78-4360-998D-5CC8FC8B14FB}.Release|Any CPU.Build.0 = Release|Any CPU
		{382B85A1-1047-4CB8-AFA9-6DDD51AD76DA}.Debug|Any CPU.ActiveCfg = Debug|Any CPU
		{382B85A1-1047-4CB8-AFA9-6DDD51AD76DA}.Debug|Any CPU.Build.0 = Debug|Any CPU
		{382B85A1-1047-4CB8-AFA9-6DDD51AD76DA}.Release|Any CPU.ActiveCfg = Release|Any CPU
		{382B85A1-1047-4CB8-AFA9-6DDD51AD76DA}.Release|Any CPU.Build.0 = Release|Any CPU
	EndGlobalSection
	GlobalSection(SolutionProperties) = preSolution
		HideSolutionNode = FALSE
	EndGlobalSection
	GlobalSection(ExtensibilityGlobals) = postSolution
		SolutionGuid = {722CFA63-BB64-4913-9121-89548BF82014}
	EndGlobalSection
EndGlobal
